// !$*UTF8*$!
{
	archiveVersion = 1;
	classes = {
	};
	objectVersion = 55;
	objects = {

/* Begin PBXBuildFile section */
		24B9B51B286343E8000DA190 /* AppDelegate.swift in Sources */ = {isa = PBXBuildFile; fileRef = 24B9B51A286343E8000DA190 /* AppDelegate.swift */; };
		24B9B51D286343E8000DA190 /* SceneDelegate.swift in Sources */ = {isa = PBXBuildFile; fileRef = 24B9B51C286343E8000DA190 /* SceneDelegate.swift */; };
		24B9B51F286343E8000DA190 /* ViewController.swift in Sources */ = {isa = PBXBuildFile; fileRef = 24B9B51E286343E8000DA190 /* ViewController.swift */; };
		24B9B522286343E8000DA190 /* Main.storyboard in Resources */ = {isa = PBXBuildFile; fileRef = 24B9B520286343E8000DA190 /* Main.storyboard */; };
		24B9B524286343E9000DA190 /* Assets.xcassets in Resources */ = {isa = PBXBuildFile; fileRef = 24B9B523286343E9000DA190 /* Assets.xcassets */; };
		24B9B527286343E9000DA190 /* LaunchScreen.storyboard in Resources */ = {isa = PBXBuildFile; fileRef = 24B9B525286343E9000DA190 /* LaunchScreen.storyboard */; };
		24B9B5472865F5F9000DA190 /* MessageTableViewController.swift in Sources */ = {isa = PBXBuildFile; fileRef = 24B9B5452865F5F9000DA190 /* MessageTableViewController.swift */; };
		24B9B580286A4C04000DA190 /* HomePagePostTableViewCell.swift in Sources */ = {isa = PBXBuildFile; fileRef = 24B9B57F286A4C04000DA190 /* HomePagePostTableViewCell.swift */; };
		24B9B582286A4C12000DA190 /* HomePagePostTableViewCell.xib in Resources */ = {isa = PBXBuildFile; fileRef = 24B9B581286A4C12000DA190 /* HomePagePostTableViewCell.xib */; };
		24B9B589286A5C2A000DA190 /* StoryTableViewCell.swift in Sources */ = {isa = PBXBuildFile; fileRef = 24B9B587286A5C2A000DA190 /* StoryTableViewCell.swift */; };
		24B9B58A286A5C2A000DA190 /* StoryTableViewCell.xib in Resources */ = {isa = PBXBuildFile; fileRef = 24B9B588286A5C2A000DA190 /* StoryTableViewCell.xib */; };
		24B9B58D286A5C40000DA190 /* StoryCollectionViewCell.swift in Sources */ = {isa = PBXBuildFile; fileRef = 24B9B58B286A5C40000DA190 /* StoryCollectionViewCell.swift */; };
		24B9B58E286A5C40000DA190 /* StoryCollectionViewCell.xib in Resources */ = {isa = PBXBuildFile; fileRef = 24B9B58C286A5C40000DA190 /* StoryCollectionViewCell.xib */; };
		24C45C072887C22D00E77DE3 /* CategoriesFollowingTableViewCell.swift in Sources */ = {isa = PBXBuildFile; fileRef = 24C45C052887C22D00E77DE3 /* CategoriesFollowingTableViewCell.swift */; };
		24C45C082887C22D00E77DE3 /* CategoriesFollowingTableViewCell.xib in Resources */ = {isa = PBXBuildFile; fileRef = 24C45C062887C22D00E77DE3 /* CategoriesFollowingTableViewCell.xib */; };
		24C45C15288850DA00E77DE3 /* DiscoverPeopleCollectionReusableView.swift in Sources */ = {isa = PBXBuildFile; fileRef = 24C45C13288850DA00E77DE3 /* DiscoverPeopleCollectionReusableView.swift */; };
		24C45C16288850DA00E77DE3 /* DiscoverPeopleCollectionReusableView.xib in Resources */ = {isa = PBXBuildFile; fileRef = 24C45C14288850DA00E77DE3 /* DiscoverPeopleCollectionReusableView.xib */; };
		24C45C1928885B0600E77DE3 /* DiscoverPeopleCollectionViewCell.swift in Sources */ = {isa = PBXBuildFile; fileRef = 24C45C1728885B0600E77DE3 /* DiscoverPeopleCollectionViewCell.swift */; };
		24C45C1A28885B0600E77DE3 /* DiscoverPeopleCollectionViewCell.xib in Resources */ = {isa = PBXBuildFile; fileRef = 24C45C1828885B0600E77DE3 /* DiscoverPeopleCollectionViewCell.xib */; };
		24C45C45288AE46200E77DE3 /* FollowingButtonCollectionViewCell.swift in Sources */ = {isa = PBXBuildFile; fileRef = 24C45C43288AE46200E77DE3 /* FollowingButtonCollectionViewCell.swift */; };
		24C45C46288AE46200E77DE3 /* FollowingButtonCollectionViewCell.xib in Resources */ = {isa = PBXBuildFile; fileRef = 24C45C44288AE46200E77DE3 /* FollowingButtonCollectionViewCell.xib */; };
		24C45C4E288B276700E77DE3 /* MutualTableViewCell.swift in Sources */ = {isa = PBXBuildFile; fileRef = 24C45C4C288B276700E77DE3 /* MutualTableViewCell.swift */; };
		24C45C4F288B276700E77DE3 /* MutualTableViewCell.xib in Resources */ = {isa = PBXBuildFile; fileRef = 24C45C4D288B276700E77DE3 /* MutualTableViewCell.xib */; };
		24C45C5A288B4FC800E77DE3 /* OthersSuggestedTableViewCell.swift in Sources */ = {isa = PBXBuildFile; fileRef = 24C45C58288B4FC800E77DE3 /* OthersSuggestedTableViewCell.swift */; };
		24C45C5B288B4FC800E77DE3 /* OthersSuggestedTableViewCell.xib in Resources */ = {isa = PBXBuildFile; fileRef = 24C45C59288B4FC800E77DE3 /* OthersSuggestedTableViewCell.xib */; };
		24C45C5D288EFF7B00E77DE3 /* UserInformation.swift in Sources */ = {isa = PBXBuildFile; fileRef = 24C45C5C288EFF7B00E77DE3 /* UserInformation.swift */; };
		24C45C85289326F600E77DE3 /* UserFollowingInformation.swift in Sources */ = {isa = PBXBuildFile; fileRef = 24C45C84289326F500E77DE3 /* UserFollowingInformation.swift */; };
		24C45C872893284900E77DE3 /* UserFollowersInformation.swift in Sources */ = {isa = PBXBuildFile; fileRef = 24C45C862893284900E77DE3 /* UserFollowersInformation.swift */; };
		24C45C8928932E9300E77DE3 /* UserFollowingPosts.swift in Sources */ = {isa = PBXBuildFile; fileRef = 24C45C8828932E9300E77DE3 /* UserFollowingPosts.swift */; };
		24C45C8B289330E100E77DE3 /* UserPosts.swift in Sources */ = {isa = PBXBuildFile; fileRef = 24C45C8A289330E100E77DE3 /* UserPosts.swift */; };
		24C45C9D289344E500E77DE3 /* FollowingList.json in Resources */ = {isa = PBXBuildFile; fileRef = 24C45C98289344E400E77DE3 /* FollowingList.json */; };
		24C45C9E289344E500E77DE3 /* UserFollowingPosts.json in Resources */ = {isa = PBXBuildFile; fileRef = 24C45C99289344E400E77DE3 /* UserFollowingPosts.json */; };
		24C45C9F289344E500E77DE3 /* FollowersList.json in Resources */ = {isa = PBXBuildFile; fileRef = 24C45C9A289344E500E77DE3 /* FollowersList.json */; };
		24C45CA0289344E500E77DE3 /* UserInformation.json in Resources */ = {isa = PBXBuildFile; fileRef = 24C45C9B289344E500E77DE3 /* UserInformation.json */; };
		24C45CA1289344E500E77DE3 /* UserPosts.json in Resources */ = {isa = PBXBuildFile; fileRef = 24C45C9C289344E500E77DE3 /* UserPosts.json */; };
		24C45CA428949C7400E77DE3 /* UserFollowingStories.json in Resources */ = {isa = PBXBuildFile; fileRef = 24C45CA328949C7400E77DE3 /* UserFollowingStories.json */; };
		24C45CA628949C9F00E77DE3 /* UserFollowingStories.swift in Sources */ = {isa = PBXBuildFile; fileRef = 24C45CA528949C9F00E77DE3 /* UserFollowingStories.swift */; };
		24C932B22880A1D6002A45EF /* OtherProfileHeaderCollectionReusableView.swift in Sources */ = {isa = PBXBuildFile; fileRef = 24C932B02880A1D6002A45EF /* OtherProfileHeaderCollectionReusableView.swift */; };
		24C932B32880A1D6002A45EF /* OtherProfileHeaderCollectionReusableView.xib in Resources */ = {isa = PBXBuildFile; fileRef = 24C932B12880A1D6002A45EF /* OtherProfileHeaderCollectionReusableView.xib */; };
		24C932B62880A1F6002A45EF /* OtherProfileTabCollectionReusableView.swift in Sources */ = {isa = PBXBuildFile; fileRef = 24C932B42880A1F6002A45EF /* OtherProfileTabCollectionReusableView.swift */; };
		24C932B72880A1F6002A45EF /* OtherProfileTabCollectionReusableView.xib in Resources */ = {isa = PBXBuildFile; fileRef = 24C932B52880A1F6002A45EF /* OtherProfileTabCollectionReusableView.xib */; };
		24C932BA2880A209002A45EF /* OtherProfileStoryCollectionReusableView.swift in Sources */ = {isa = PBXBuildFile; fileRef = 24C932B82880A209002A45EF /* OtherProfileStoryCollectionReusableView.swift */; };
		24C932BB2880A209002A45EF /* OtherProfileStoryCollectionReusableView.xib in Resources */ = {isa = PBXBuildFile; fileRef = 24C932B92880A209002A45EF /* OtherProfileStoryCollectionReusableView.xib */; };
		24C932C22880A39A002A45EF /* OtherProfileCollectionViewCell.swift in Sources */ = {isa = PBXBuildFile; fileRef = 24C932C02880A39A002A45EF /* OtherProfileCollectionViewCell.swift */; };
		24C932CC2881925E002A45EF /* OthersProfileViewController.xib in Resources */ = {isa = PBXBuildFile; fileRef = 24C932CA2881925E002A45EF /* OthersProfileViewController.xib */; };
		24C932CD2881925E002A45EF /* OthersProfileViewController.swift in Sources */ = {isa = PBXBuildFile; fileRef = 24C932CB2881925E002A45EF /* OthersProfileViewController.swift */; };
		24C932D32881CEFE002A45EF /* FollowersViewController.swift in Sources */ = {isa = PBXBuildFile; fileRef = 24C932D12881CEFE002A45EF /* FollowersViewController.swift */; };
		24C932D42881CEFE002A45EF /* FollowersViewController.xib in Resources */ = {isa = PBXBuildFile; fileRef = 24C932D22881CEFE002A45EF /* FollowersViewController.xib */; };
		24C932D72881CF11002A45EF /* FollowingViewController.swift in Sources */ = {isa = PBXBuildFile; fileRef = 24C932D52881CF11002A45EF /* FollowingViewController.swift */; };
		24C932D82881CF11002A45EF /* FollowingViewController.xib in Resources */ = {isa = PBXBuildFile; fileRef = 24C932D62881CF11002A45EF /* FollowingViewController.xib */; };
		24C932DB2881CF27002A45EF /* SuggestionViewController.swift in Sources */ = {isa = PBXBuildFile; fileRef = 24C932D92881CF27002A45EF /* SuggestionViewController.swift */; };
		24C932DC2881CF27002A45EF /* SuggestionViewController.xib in Resources */ = {isa = PBXBuildFile; fileRef = 24C932DA2881CF27002A45EF /* SuggestionViewController.xib */; };
		24DFA5A128982F0800EB1587 /* UserSearch.json in Resources */ = {isa = PBXBuildFile; fileRef = 24DFA5A028982F0800EB1587 /* UserSearch.json */; };
		24DFA5B428985F9500EB1587 /* SearchSelectionViewController.swift in Sources */ = {isa = PBXBuildFile; fileRef = 24DFA5B328985F9500EB1587 /* SearchSelectionViewController.swift */; };
		24DFA5B62898620700EB1587 /* UserSearch.swift in Sources */ = {isa = PBXBuildFile; fileRef = 24DFA5B52898620700EB1587 /* UserSearch.swift */; };
		24DFA5B92898728100EB1587 /* SearchSelectionTableViewCell.swift in Sources */ = {isa = PBXBuildFile; fileRef = 24DFA5B72898728100EB1587 /* SearchSelectionTableViewCell.swift */; };
		24DFA5BA2898728100EB1587 /* SearchSelectionTableViewCell.xib in Resources */ = {isa = PBXBuildFile; fileRef = 24DFA5B82898728100EB1587 /* SearchSelectionTableViewCell.xib */; };
		24DFA5BC2899DE3000EB1587 /* Reels.json in Resources */ = {isa = PBXBuildFile; fileRef = 24DFA5BB2899DE3000EB1587 /* Reels.json */; };
		24DFA5BE2899E63700EB1587 /* Reels.swift in Sources */ = {isa = PBXBuildFile; fileRef = 24DFA5BD2899E63700EB1587 /* Reels.swift */; };
		24E2AC92286B61C9000834FD /* StoryDetailViewController.swift in Sources */ = {isa = PBXBuildFile; fileRef = 24E2AC90286B61C9000834FD /* StoryDetailViewController.swift */; };
		24E2AC93286B61C9000834FD /* StoryDetailViewController.xib in Resources */ = {isa = PBXBuildFile; fileRef = 24E2AC91286B61C9000834FD /* StoryDetailViewController.xib */; };
		24E2AC9C286CB417000834FD /* GalleryViewController.swift in Sources */ = {isa = PBXBuildFile; fileRef = 24E2AC9B286CB417000834FD /* GalleryViewController.swift */; };
		24E2ACA2286CDB1A000834FD /* MessageTableViewCell.swift in Sources */ = {isa = PBXBuildFile; fileRef = 24E2ACA0286CDB1A000834FD /* MessageTableViewCell.swift */; };
		24E2ACA3286CDB1A000834FD /* MessageTableViewCell.xib in Resources */ = {isa = PBXBuildFile; fileRef = 24E2ACA1286CDB1A000834FD /* MessageTableViewCell.xib */; };
		24E2ACA9286CEE13000834FD /* CameraViewController.swift in Sources */ = {isa = PBXBuildFile; fileRef = 24E2ACA7286CEE13000834FD /* CameraViewController.swift */; };
		24E2ACAD286CF6DE000834FD /* PhotoViewController.swift in Sources */ = {isa = PBXBuildFile; fileRef = 24E2ACAB286CF6DE000834FD /* PhotoViewController.swift */; };
		24E2ACAE286CF6DE000834FD /* PhotoViewController.xib in Resources */ = {isa = PBXBuildFile; fileRef = 24E2ACAC286CF6DE000834FD /* PhotoViewController.xib */; };
		24E2ACB5286E2AF9000834FD /* SearchViewController.swift in Sources */ = {isa = PBXBuildFile; fileRef = 24E2ACB3286E2AF9000834FD /* SearchViewController.swift */; };
		24E2ACB9286E2B0E000834FD /* ShopViewController.swift in Sources */ = {isa = PBXBuildFile; fileRef = 24E2ACB7286E2B0E000834FD /* ShopViewController.swift */; };
		24E2ACBD286E2B25000834FD /* ReelsViewController.swift in Sources */ = {isa = PBXBuildFile; fileRef = 24E2ACBB286E2B25000834FD /* ReelsViewController.swift */; };
		24E2ACC1286E2B37000834FD /* ProfileViewController.swift in Sources */ = {isa = PBXBuildFile; fileRef = 24E2ACBF286E2B37000834FD /* ProfileViewController.swift */; };
		24E2ACC5286E4355000834FD /* SearchCollectionViewCell.swift in Sources */ = {isa = PBXBuildFile; fileRef = 24E2ACC3286E4355000834FD /* SearchCollectionViewCell.swift */; };
		24E2ACC6286E4355000834FD /* SearchCollectionViewCell.xib in Resources */ = {isa = PBXBuildFile; fileRef = 24E2ACC4286E4355000834FD /* SearchCollectionViewCell.xib */; };
		24E2ACD1286F835B000834FD /* ReelsCollectionViewCell.swift in Sources */ = {isa = PBXBuildFile; fileRef = 24E2ACCF286F835B000834FD /* ReelsCollectionViewCell.swift */; };
		24E2ACD2286F835B000834FD /* ReelsCollectionViewCell.xib in Resources */ = {isa = PBXBuildFile; fileRef = 24E2ACD0286F835B000834FD /* ReelsCollectionViewCell.xib */; };
		24E2ACD528747FCB000834FD /* ShoppingCollectionViewCell.swift in Sources */ = {isa = PBXBuildFile; fileRef = 24E2ACD328747FCB000834FD /* ShoppingCollectionViewCell.swift */; };
		24E2ACD628747FCB000834FD /* ShoppingCollectionViewCell.xib in Resources */ = {isa = PBXBuildFile; fileRef = 24E2ACD428747FCB000834FD /* ShoppingCollectionViewCell.xib */; };
		24E2ACE928750A49000834FD /* ShopCartViewController.swift in Sources */ = {isa = PBXBuildFile; fileRef = 24E2ACE728750A49000834FD /* ShopCartViewController.swift */; };
		24E2ACEA28750A49000834FD /* ShopCartViewController.xib in Resources */ = {isa = PBXBuildFile; fileRef = 24E2ACE828750A49000834FD /* ShopCartViewController.xib */; };
		24E2ACED28750ADE000834FD /* CartTableViewCell.swift in Sources */ = {isa = PBXBuildFile; fileRef = 24E2ACEB28750ADE000834FD /* CartTableViewCell.swift */; };
		24E2ACEE28750ADE000834FD /* CartTableViewCell.xib in Resources */ = {isa = PBXBuildFile; fileRef = 24E2ACEC28750ADE000834FD /* CartTableViewCell.xib */; };
		24E2ACFE28762409000834FD /* ShoppongActivityViewController.xib in Resources */ = {isa = PBXBuildFile; fileRef = 24E2ACFD28762409000834FD /* ShoppongActivityViewController.xib */; };
		24E2AD0028762413000834FD /* ShoppongActivityViewController.swift in Sources */ = {isa = PBXBuildFile; fileRef = 24E2ACFF28762413000834FD /* ShoppongActivityViewController.swift */; };
		24EDD1732885C06400364660 /* EditProfileTableViewCell.swift in Sources */ = {isa = PBXBuildFile; fileRef = 24EDD1712885C06400364660 /* EditProfileTableViewCell.swift */; };
		24EDD1742885C06400364660 /* EditProfileTableViewCell.xib in Resources */ = {isa = PBXBuildFile; fileRef = 24EDD1722885C06400364660 /* EditProfileTableViewCell.xib */; };
		24EDD1782885C71100364660 /* EditWebsiteTableViewCell.swift in Sources */ = {isa = PBXBuildFile; fileRef = 24EDD1762885C71100364660 /* EditWebsiteTableViewCell.swift */; };
		24EDD1792885C71100364660 /* EditWebsiteTableViewCell.xib in Resources */ = {isa = PBXBuildFile; fileRef = 24EDD1772885C71100364660 /* EditWebsiteTableViewCell.xib */; };
		24EDD17C2885DACB00364660 /* EditProfileOtherTableViewCell.swift in Sources */ = {isa = PBXBuildFile; fileRef = 24EDD17A2885DACB00364660 /* EditProfileOtherTableViewCell.swift */; };
		24EDD17D2885DACB00364660 /* EditProfileOtherTableViewCell.xib in Resources */ = {isa = PBXBuildFile; fileRef = 24EDD17B2885DACB00364660 /* EditProfileOtherTableViewCell.xib */; };
		24EDD1812885E1E500364660 /* EditProfileNameViewController.swift in Sources */ = {isa = PBXBuildFile; fileRef = 24EDD17F2885E1E500364660 /* EditProfileNameViewController.swift */; };
		24EDD1822885E1E500364660 /* EditProfileNameViewController.xib in Resources */ = {isa = PBXBuildFile; fileRef = 24EDD1802885E1E500364660 /* EditProfileNameViewController.xib */; };
		24EDD1852885E1FD00364660 /* EditProfileUsernameViewController.swift in Sources */ = {isa = PBXBuildFile; fileRef = 24EDD1832885E1FD00364660 /* EditProfileUsernameViewController.swift */; };
		24EDD1862885E1FD00364660 /* EditProfileUsernameViewController.xib in Resources */ = {isa = PBXBuildFile; fileRef = 24EDD1842885E1FD00364660 /* EditProfileUsernameViewController.xib */; };
		24EDD1892885E22400364660 /* EditProfileBioViewController.swift in Sources */ = {isa = PBXBuildFile; fileRef = 24EDD1872885E22400364660 /* EditProfileBioViewController.swift */; };
		24EDD18A2885E22400364660 /* EditProfileBioViewController.xib in Resources */ = {isa = PBXBuildFile; fileRef = 24EDD1882885E22400364660 /* EditProfileBioViewController.xib */; };
		24EDD18D2885E25F00364660 /* EditProfilePronounsViewController.swift in Sources */ = {isa = PBXBuildFile; fileRef = 24EDD18B2885E25F00364660 /* EditProfilePronounsViewController.swift */; };
		24EDD18E2885E25F00364660 /* EditProfilePronounsViewController.xib in Resources */ = {isa = PBXBuildFile; fileRef = 24EDD18C2885E25F00364660 /* EditProfilePronounsViewController.xib */; };
		24EDD1912885E29000364660 /* AvatarViewController.swift in Sources */ = {isa = PBXBuildFile; fileRef = 24EDD18F2885E29000364660 /* AvatarViewController.swift */; };
		24EDD1922885E29000364660 /* AvatarViewController.xib in Resources */ = {isa = PBXBuildFile; fileRef = 24EDD1902885E29000364660 /* AvatarViewController.xib */; };
		24EDD1952885E3FB00364660 /* ProfessionalAccountViewController.swift in Sources */ = {isa = PBXBuildFile; fileRef = 24EDD1932885E3FB00364660 /* ProfessionalAccountViewController.swift */; };
		24EDD1962885E3FB00364660 /* ProfessionalAccountViewController.xib in Resources */ = {isa = PBXBuildFile; fileRef = 24EDD1942885E3FB00364660 /* ProfessionalAccountViewController.xib */; };
		24EDD1992885E41700364660 /* personalInformationViewController.swift in Sources */ = {isa = PBXBuildFile; fileRef = 24EDD1972885E41700364660 /* personalInformationViewController.swift */; };
		24EDD19A2885E41700364660 /* personalInformationViewController.xib in Resources */ = {isa = PBXBuildFile; fileRef = 24EDD1982885E41700364660 /* personalInformationViewController.xib */; };
		24EDD19D2886355D00364660 /* PersonalInformation.swift in Sources */ = {isa = PBXBuildFile; fileRef = 24EDD19C2886355D00364660 /* PersonalInformation.swift */; };
		24EDD1A72886E8FA00364660 /* PersonalInformationTableViewCell.swift in Sources */ = {isa = PBXBuildFile; fileRef = 24EDD1A52886E8F900364660 /* PersonalInformationTableViewCell.swift */; };
		24EDD1A82886E8FA00364660 /* PersonalInformationTableViewCell.xib in Resources */ = {isa = PBXBuildFile; fileRef = 24EDD1A62886E8F900364660 /* PersonalInformationTableViewCell.xib */; };
		24EDD1AE28872B9700364660 /* FollowersTableViewCell.swift in Sources */ = {isa = PBXBuildFile; fileRef = 24EDD1AC28872B9700364660 /* FollowersTableViewCell.swift */; };
		24EDD1AF28872B9700364660 /* FollowersTableViewCell.xib in Resources */ = {isa = PBXBuildFile; fileRef = 24EDD1AD28872B9700364660 /* FollowersTableViewCell.xib */; };
		24EDD1B32887467D00364660 /* FollowingTableViewCell.swift in Sources */ = {isa = PBXBuildFile; fileRef = 24EDD1B12887467D00364660 /* FollowingTableViewCell.swift */; };
		24EDD1B42887467D00364660 /* FollowingTableViewCell.xib in Resources */ = {isa = PBXBuildFile; fileRef = 24EDD1B22887467D00364660 /* FollowingTableViewCell.xib */; };
		24EDD1BA2887895D00364660 /* HeaderTableViewCell.swift in Sources */ = {isa = PBXBuildFile; fileRef = 24EDD1B82887895D00364660 /* HeaderTableViewCell.swift */; };
		24EDD1BB2887895D00364660 /* HeaderTableViewCell.xib in Resources */ = {isa = PBXBuildFile; fileRef = 24EDD1B92887895D00364660 /* HeaderTableViewCell.xib */; };
		24EDD1BE28878FF800364660 /* CategoryTableViewCell.swift in Sources */ = {isa = PBXBuildFile; fileRef = 24EDD1BC28878FF800364660 /* CategoryTableViewCell.swift */; };
		24EDD1BF28878FF800364660 /* CategoryTableViewCell.xib in Resources */ = {isa = PBXBuildFile; fileRef = 24EDD1BD28878FF800364660 /* CategoryTableViewCell.xib */; };
		24F348C72878D4D70017C7AA /* ProfileCollectionViewCell.swift in Sources */ = {isa = PBXBuildFile; fileRef = 24F348C62878D4D70017C7AA /* ProfileCollectionViewCell.swift */; };
		24F348D7287DF7C20017C7AA /* ProfileInfoHeaderCollectionReusableView.swift in Sources */ = {isa = PBXBuildFile; fileRef = 24F348D5287DF7C20017C7AA /* ProfileInfoHeaderCollectionReusableView.swift */; };
		24F348D8287DF7C20017C7AA /* ProfileInfoHeaderCollectionReusableView.xib in Resources */ = {isa = PBXBuildFile; fileRef = 24F348D6287DF7C20017C7AA /* ProfileInfoHeaderCollectionReusableView.xib */; };
		24F348DB287DF8C80017C7AA /* ProfileTabsCollectionReusableView.swift in Sources */ = {isa = PBXBuildFile; fileRef = 24F348D9287DF8C80017C7AA /* ProfileTabsCollectionReusableView.swift */; };
		24F348DC287DF8C80017C7AA /* ProfileTabsCollectionReusableView.xib in Resources */ = {isa = PBXBuildFile; fileRef = 24F348DA287DF8C80017C7AA /* ProfileTabsCollectionReusableView.xib */; };
		24F348DE287E17810017C7AA /* ProfileData.swift in Sources */ = {isa = PBXBuildFile; fileRef = 24F348DD287E17810017C7AA /* ProfileData.swift */; };
		24F348E6287E58270017C7AA /* EditProfileViewController.swift in Sources */ = {isa = PBXBuildFile; fileRef = 24F348E4287E58270017C7AA /* EditProfileViewController.swift */; };
		24F348E7287E58270017C7AA /* EditProfileViewController.xib in Resources */ = {isa = PBXBuildFile; fileRef = 24F348E5287E58270017C7AA /* EditProfileViewController.xib */; };
		24F348EF287F007D0017C7AA /* ListOfFollowersViewController.swift in Sources */ = {isa = PBXBuildFile; fileRef = 24F348ED287F007D0017C7AA /* ListOfFollowersViewController.swift */; };
		24F348F0287F007D0017C7AA /* ListOfFollowersViewController.xib in Resources */ = {isa = PBXBuildFile; fileRef = 24F348EE287F007D0017C7AA /* ListOfFollowersViewController.xib */; };
		24F3491D287F4ABF0017C7AA /* ChatViewController.swift in Sources */ = {isa = PBXBuildFile; fileRef = 24F3491B287F4ABF0017C7AA /* ChatViewController.swift */; };
		24F3491E287F4ABF0017C7AA /* ChatViewController.xib in Resources */ = {isa = PBXBuildFile; fileRef = 24F3491C287F4ABF0017C7AA /* ChatViewController.xib */; };
/* End PBXBuildFile section */

/* Begin PBXFileReference section */
		24B9B517286343E8000DA190 /* Instagram.app */ = {isa = PBXFileReference; explicitFileType = wrapper.application; includeInIndex = 0; path = Instagram.app; sourceTree = BUILT_PRODUCTS_DIR; };
		24B9B51A286343E8000DA190 /* AppDelegate.swift */ = {isa = PBXFileReference; lastKnownFileType = sourcecode.swift; path = AppDelegate.swift; sourceTree = "<group>"; };
		24B9B51C286343E8000DA190 /* SceneDelegate.swift */ = {isa = PBXFileReference; lastKnownFileType = sourcecode.swift; path = SceneDelegate.swift; sourceTree = "<group>"; };
		24B9B51E286343E8000DA190 /* ViewController.swift */ = {isa = PBXFileReference; lastKnownFileType = sourcecode.swift; path = ViewController.swift; sourceTree = "<group>"; };
		24B9B521286343E8000DA190 /* Base */ = {isa = PBXFileReference; lastKnownFileType = file.storyboard; name = Base; path = Base.lproj/Main.storyboard; sourceTree = "<group>"; };
		24B9B523286343E9000DA190 /* Assets.xcassets */ = {isa = PBXFileReference; lastKnownFileType = folder.assetcatalog; path = Assets.xcassets; sourceTree = "<group>"; };
		24B9B526286343E9000DA190 /* Base */ = {isa = PBXFileReference; lastKnownFileType = file.storyboard; name = Base; path = Base.lproj/LaunchScreen.storyboard; sourceTree = "<group>"; };
		24B9B528286343E9000DA190 /* Info.plist */ = {isa = PBXFileReference; lastKnownFileType = text.plist.xml; path = Info.plist; sourceTree = "<group>"; };
		24B9B5452865F5F9000DA190 /* MessageTableViewController.swift */ = {isa = PBXFileReference; lastKnownFileType = sourcecode.swift; path = MessageTableViewController.swift; sourceTree = "<group>"; };
		24B9B57F286A4C04000DA190 /* HomePagePostTableViewCell.swift */ = {isa = PBXFileReference; fileEncoding = 4; lastKnownFileType = sourcecode.swift; path = HomePagePostTableViewCell.swift; sourceTree = "<group>"; };
		24B9B581286A4C12000DA190 /* HomePagePostTableViewCell.xib */ = {isa = PBXFileReference; fileEncoding = 4; lastKnownFileType = file.xib; path = HomePagePostTableViewCell.xib; sourceTree = "<group>"; };
		24B9B587286A5C2A000DA190 /* StoryTableViewCell.swift */ = {isa = PBXFileReference; lastKnownFileType = sourcecode.swift; path = StoryTableViewCell.swift; sourceTree = "<group>"; };
		24B9B588286A5C2A000DA190 /* StoryTableViewCell.xib */ = {isa = PBXFileReference; lastKnownFileType = file.xib; path = StoryTableViewCell.xib; sourceTree = "<group>"; };
		24B9B58B286A5C40000DA190 /* StoryCollectionViewCell.swift */ = {isa = PBXFileReference; lastKnownFileType = sourcecode.swift; path = StoryCollectionViewCell.swift; sourceTree = "<group>"; };
		24B9B58C286A5C40000DA190 /* StoryCollectionViewCell.xib */ = {isa = PBXFileReference; lastKnownFileType = file.xib; path = StoryCollectionViewCell.xib; sourceTree = "<group>"; };
		24C45C052887C22D00E77DE3 /* CategoriesFollowingTableViewCell.swift */ = {isa = PBXFileReference; lastKnownFileType = sourcecode.swift; path = CategoriesFollowingTableViewCell.swift; sourceTree = "<group>"; };
		24C45C062887C22D00E77DE3 /* CategoriesFollowingTableViewCell.xib */ = {isa = PBXFileReference; lastKnownFileType = file.xib; path = CategoriesFollowingTableViewCell.xib; sourceTree = "<group>"; };
		24C45C13288850DA00E77DE3 /* DiscoverPeopleCollectionReusableView.swift */ = {isa = PBXFileReference; lastKnownFileType = sourcecode.swift; path = DiscoverPeopleCollectionReusableView.swift; sourceTree = "<group>"; };
		24C45C14288850DA00E77DE3 /* DiscoverPeopleCollectionReusableView.xib */ = {isa = PBXFileReference; lastKnownFileType = file.xib; path = DiscoverPeopleCollectionReusableView.xib; sourceTree = "<group>"; };
		24C45C1728885B0600E77DE3 /* DiscoverPeopleCollectionViewCell.swift */ = {isa = PBXFileReference; lastKnownFileType = sourcecode.swift; path = DiscoverPeopleCollectionViewCell.swift; sourceTree = "<group>"; };
		24C45C1828885B0600E77DE3 /* DiscoverPeopleCollectionViewCell.xib */ = {isa = PBXFileReference; lastKnownFileType = file.xib; path = DiscoverPeopleCollectionViewCell.xib; sourceTree = "<group>"; };
		24C45C43288AE46200E77DE3 /* FollowingButtonCollectionViewCell.swift */ = {isa = PBXFileReference; lastKnownFileType = sourcecode.swift; path = FollowingButtonCollectionViewCell.swift; sourceTree = "<group>"; };
		24C45C44288AE46200E77DE3 /* FollowingButtonCollectionViewCell.xib */ = {isa = PBXFileReference; lastKnownFileType = file.xib; path = FollowingButtonCollectionViewCell.xib; sourceTree = "<group>"; };
		24C45C4C288B276700E77DE3 /* MutualTableViewCell.swift */ = {isa = PBXFileReference; lastKnownFileType = sourcecode.swift; path = MutualTableViewCell.swift; sourceTree = "<group>"; };
		24C45C4D288B276700E77DE3 /* MutualTableViewCell.xib */ = {isa = PBXFileReference; lastKnownFileType = file.xib; path = MutualTableViewCell.xib; sourceTree = "<group>"; };
		24C45C58288B4FC800E77DE3 /* OthersSuggestedTableViewCell.swift */ = {isa = PBXFileReference; lastKnownFileType = sourcecode.swift; path = OthersSuggestedTableViewCell.swift; sourceTree = "<group>"; };
		24C45C59288B4FC800E77DE3 /* OthersSuggestedTableViewCell.xib */ = {isa = PBXFileReference; lastKnownFileType = file.xib; path = OthersSuggestedTableViewCell.xib; sourceTree = "<group>"; };
		24C45C5C288EFF7B00E77DE3 /* UserInformation.swift */ = {isa = PBXFileReference; lastKnownFileType = sourcecode.swift; path = UserInformation.swift; sourceTree = "<group>"; };
		24C45C84289326F500E77DE3 /* UserFollowingInformation.swift */ = {isa = PBXFileReference; lastKnownFileType = sourcecode.swift; path = UserFollowingInformation.swift; sourceTree = "<group>"; };
		24C45C862893284900E77DE3 /* UserFollowersInformation.swift */ = {isa = PBXFileReference; lastKnownFileType = sourcecode.swift; path = UserFollowersInformation.swift; sourceTree = "<group>"; };
		24C45C8828932E9300E77DE3 /* UserFollowingPosts.swift */ = {isa = PBXFileReference; lastKnownFileType = sourcecode.swift; path = UserFollowingPosts.swift; sourceTree = "<group>"; };
		24C45C8A289330E100E77DE3 /* UserPosts.swift */ = {isa = PBXFileReference; lastKnownFileType = sourcecode.swift; path = UserPosts.swift; sourceTree = "<group>"; };
		24C45C98289344E400E77DE3 /* FollowingList.json */ = {isa = PBXFileReference; fileEncoding = 4; lastKnownFileType = text.json; path = FollowingList.json; sourceTree = "<group>"; };
		24C45C99289344E400E77DE3 /* UserFollowingPosts.json */ = {isa = PBXFileReference; fileEncoding = 4; lastKnownFileType = text.json; path = UserFollowingPosts.json; sourceTree = "<group>"; };
		24C45C9A289344E500E77DE3 /* FollowersList.json */ = {isa = PBXFileReference; fileEncoding = 4; lastKnownFileType = text.json; path = FollowersList.json; sourceTree = "<group>"; };
		24C45C9B289344E500E77DE3 /* UserInformation.json */ = {isa = PBXFileReference; fileEncoding = 4; lastKnownFileType = text.json; path = UserInformation.json; sourceTree = "<group>"; };
		24C45C9C289344E500E77DE3 /* UserPosts.json */ = {isa = PBXFileReference; fileEncoding = 4; lastKnownFileType = text.json; path = UserPosts.json; sourceTree = "<group>"; };
		24C45CA328949C7400E77DE3 /* UserFollowingStories.json */ = {isa = PBXFileReference; fileEncoding = 4; lastKnownFileType = text.json; path = UserFollowingStories.json; sourceTree = "<group>"; };
		24C45CA528949C9F00E77DE3 /* UserFollowingStories.swift */ = {isa = PBXFileReference; lastKnownFileType = sourcecode.swift; path = UserFollowingStories.swift; sourceTree = "<group>"; };
		24C932B02880A1D6002A45EF /* OtherProfileHeaderCollectionReusableView.swift */ = {isa = PBXFileReference; lastKnownFileType = sourcecode.swift; path = OtherProfileHeaderCollectionReusableView.swift; sourceTree = "<group>"; };
		24C932B12880A1D6002A45EF /* OtherProfileHeaderCollectionReusableView.xib */ = {isa = PBXFileReference; lastKnownFileType = file.xib; path = OtherProfileHeaderCollectionReusableView.xib; sourceTree = "<group>"; };
		24C932B42880A1F6002A45EF /* OtherProfileTabCollectionReusableView.swift */ = {isa = PBXFileReference; lastKnownFileType = sourcecode.swift; path = OtherProfileTabCollectionReusableView.swift; sourceTree = "<group>"; };
		24C932B52880A1F6002A45EF /* OtherProfileTabCollectionReusableView.xib */ = {isa = PBXFileReference; lastKnownFileType = file.xib; path = OtherProfileTabCollectionReusableView.xib; sourceTree = "<group>"; };
		24C932B82880A209002A45EF /* OtherProfileStoryCollectionReusableView.swift */ = {isa = PBXFileReference; lastKnownFileType = sourcecode.swift; path = OtherProfileStoryCollectionReusableView.swift; sourceTree = "<group>"; };
		24C932B92880A209002A45EF /* OtherProfileStoryCollectionReusableView.xib */ = {isa = PBXFileReference; lastKnownFileType = file.xib; path = OtherProfileStoryCollectionReusableView.xib; sourceTree = "<group>"; };
		24C932C02880A39A002A45EF /* OtherProfileCollectionViewCell.swift */ = {isa = PBXFileReference; lastKnownFileType = sourcecode.swift; path = OtherProfileCollectionViewCell.swift; sourceTree = "<group>"; };
		24C932CA2881925E002A45EF /* OthersProfileViewController.xib */ = {isa = PBXFileReference; fileEncoding = 4; lastKnownFileType = file.xib; path = OthersProfileViewController.xib; sourceTree = "<group>"; };
		24C932CB2881925E002A45EF /* OthersProfileViewController.swift */ = {isa = PBXFileReference; fileEncoding = 4; lastKnownFileType = sourcecode.swift; path = OthersProfileViewController.swift; sourceTree = "<group>"; };
		24C932D12881CEFE002A45EF /* FollowersViewController.swift */ = {isa = PBXFileReference; lastKnownFileType = sourcecode.swift; path = FollowersViewController.swift; sourceTree = "<group>"; };
		24C932D22881CEFE002A45EF /* FollowersViewController.xib */ = {isa = PBXFileReference; lastKnownFileType = file.xib; path = FollowersViewController.xib; sourceTree = "<group>"; };
		24C932D52881CF11002A45EF /* FollowingViewController.swift */ = {isa = PBXFileReference; lastKnownFileType = sourcecode.swift; path = FollowingViewController.swift; sourceTree = "<group>"; };
		24C932D62881CF11002A45EF /* FollowingViewController.xib */ = {isa = PBXFileReference; lastKnownFileType = file.xib; path = FollowingViewController.xib; sourceTree = "<group>"; };
		24C932D92881CF27002A45EF /* SuggestionViewController.swift */ = {isa = PBXFileReference; lastKnownFileType = sourcecode.swift; path = SuggestionViewController.swift; sourceTree = "<group>"; };
		24C932DA2881CF27002A45EF /* SuggestionViewController.xib */ = {isa = PBXFileReference; lastKnownFileType = file.xib; path = SuggestionViewController.xib; sourceTree = "<group>"; };
		24DFA5A028982F0800EB1587 /* UserSearch.json */ = {isa = PBXFileReference; fileEncoding = 4; lastKnownFileType = text.json; path = UserSearch.json; sourceTree = "<group>"; };
		24DFA5B328985F9500EB1587 /* SearchSelectionViewController.swift */ = {isa = PBXFileReference; lastKnownFileType = sourcecode.swift; path = SearchSelectionViewController.swift; sourceTree = "<group>"; };
		24DFA5B52898620700EB1587 /* UserSearch.swift */ = {isa = PBXFileReference; lastKnownFileType = sourcecode.swift; path = UserSearch.swift; sourceTree = "<group>"; };
		24DFA5B72898728100EB1587 /* SearchSelectionTableViewCell.swift */ = {isa = PBXFileReference; lastKnownFileType = sourcecode.swift; path = SearchSelectionTableViewCell.swift; sourceTree = "<group>"; };
		24DFA5B82898728100EB1587 /* SearchSelectionTableViewCell.xib */ = {isa = PBXFileReference; lastKnownFileType = file.xib; path = SearchSelectionTableViewCell.xib; sourceTree = "<group>"; };
		24DFA5BB2899DE3000EB1587 /* Reels.json */ = {isa = PBXFileReference; fileEncoding = 4; lastKnownFileType = text.json; path = Reels.json; sourceTree = "<group>"; };
		24DFA5BD2899E63700EB1587 /* Reels.swift */ = {isa = PBXFileReference; lastKnownFileType = sourcecode.swift; path = Reels.swift; sourceTree = "<group>"; };
		24E2AC90286B61C9000834FD /* StoryDetailViewController.swift */ = {isa = PBXFileReference; lastKnownFileType = sourcecode.swift; path = StoryDetailViewController.swift; sourceTree = "<group>"; };
		24E2AC91286B61C9000834FD /* StoryDetailViewController.xib */ = {isa = PBXFileReference; lastKnownFileType = file.xib; path = StoryDetailViewController.xib; sourceTree = "<group>"; };
		24E2AC9B286CB417000834FD /* GalleryViewController.swift */ = {isa = PBXFileReference; lastKnownFileType = sourcecode.swift; path = GalleryViewController.swift; sourceTree = "<group>"; };
		24E2ACA0286CDB1A000834FD /* MessageTableViewCell.swift */ = {isa = PBXFileReference; lastKnownFileType = sourcecode.swift; path = MessageTableViewCell.swift; sourceTree = "<group>"; };
		24E2ACA1286CDB1A000834FD /* MessageTableViewCell.xib */ = {isa = PBXFileReference; lastKnownFileType = file.xib; path = MessageTableViewCell.xib; sourceTree = "<group>"; };
		24E2ACA7286CEE13000834FD /* CameraViewController.swift */ = {isa = PBXFileReference; lastKnownFileType = sourcecode.swift; path = CameraViewController.swift; sourceTree = "<group>"; };
		24E2ACAB286CF6DE000834FD /* PhotoViewController.swift */ = {isa = PBXFileReference; lastKnownFileType = sourcecode.swift; path = PhotoViewController.swift; sourceTree = "<group>"; };
		24E2ACAC286CF6DE000834FD /* PhotoViewController.xib */ = {isa = PBXFileReference; lastKnownFileType = file.xib; path = PhotoViewController.xib; sourceTree = "<group>"; };
		24E2ACB3286E2AF9000834FD /* SearchViewController.swift */ = {isa = PBXFileReference; lastKnownFileType = sourcecode.swift; path = SearchViewController.swift; sourceTree = "<group>"; };
		24E2ACB7286E2B0E000834FD /* ShopViewController.swift */ = {isa = PBXFileReference; lastKnownFileType = sourcecode.swift; path = ShopViewController.swift; sourceTree = "<group>"; };
		24E2ACBB286E2B25000834FD /* ReelsViewController.swift */ = {isa = PBXFileReference; lastKnownFileType = sourcecode.swift; path = ReelsViewController.swift; sourceTree = "<group>"; };
		24E2ACBF286E2B37000834FD /* ProfileViewController.swift */ = {isa = PBXFileReference; lastKnownFileType = sourcecode.swift; path = ProfileViewController.swift; sourceTree = "<group>"; };
		24E2ACC3286E4355000834FD /* SearchCollectionViewCell.swift */ = {isa = PBXFileReference; lastKnownFileType = sourcecode.swift; path = SearchCollectionViewCell.swift; sourceTree = "<group>"; };
		24E2ACC4286E4355000834FD /* SearchCollectionViewCell.xib */ = {isa = PBXFileReference; lastKnownFileType = file.xib; path = SearchCollectionViewCell.xib; sourceTree = "<group>"; };
		24E2ACCF286F835B000834FD /* ReelsCollectionViewCell.swift */ = {isa = PBXFileReference; lastKnownFileType = sourcecode.swift; path = ReelsCollectionViewCell.swift; sourceTree = "<group>"; };
		24E2ACD0286F835B000834FD /* ReelsCollectionViewCell.xib */ = {isa = PBXFileReference; lastKnownFileType = file.xib; path = ReelsCollectionViewCell.xib; sourceTree = "<group>"; };
		24E2ACD328747FCB000834FD /* ShoppingCollectionViewCell.swift */ = {isa = PBXFileReference; lastKnownFileType = sourcecode.swift; path = ShoppingCollectionViewCell.swift; sourceTree = "<group>"; };
		24E2ACD428747FCB000834FD /* ShoppingCollectionViewCell.xib */ = {isa = PBXFileReference; lastKnownFileType = file.xib; path = ShoppingCollectionViewCell.xib; sourceTree = "<group>"; };
		24E2ACE728750A49000834FD /* ShopCartViewController.swift */ = {isa = PBXFileReference; lastKnownFileType = sourcecode.swift; path = ShopCartViewController.swift; sourceTree = "<group>"; };
		24E2ACE828750A49000834FD /* ShopCartViewController.xib */ = {isa = PBXFileReference; lastKnownFileType = file.xib; path = ShopCartViewController.xib; sourceTree = "<group>"; };
		24E2ACEB28750ADE000834FD /* CartTableViewCell.swift */ = {isa = PBXFileReference; lastKnownFileType = sourcecode.swift; path = CartTableViewCell.swift; sourceTree = "<group>"; };
		24E2ACEC28750ADE000834FD /* CartTableViewCell.xib */ = {isa = PBXFileReference; lastKnownFileType = file.xib; path = CartTableViewCell.xib; sourceTree = "<group>"; };
		24E2ACFD28762409000834FD /* ShoppongActivityViewController.xib */ = {isa = PBXFileReference; fileEncoding = 4; lastKnownFileType = file.xib; path = ShoppongActivityViewController.xib; sourceTree = "<group>"; };
		24E2ACFF28762413000834FD /* ShoppongActivityViewController.swift */ = {isa = PBXFileReference; fileEncoding = 4; lastKnownFileType = sourcecode.swift; path = ShoppongActivityViewController.swift; sourceTree = "<group>"; };
		24EDD1712885C06400364660 /* EditProfileTableViewCell.swift */ = {isa = PBXFileReference; lastKnownFileType = sourcecode.swift; path = EditProfileTableViewCell.swift; sourceTree = "<group>"; };
		24EDD1722885C06400364660 /* EditProfileTableViewCell.xib */ = {isa = PBXFileReference; lastKnownFileType = file.xib; path = EditProfileTableViewCell.xib; sourceTree = "<group>"; };
		24EDD1762885C71100364660 /* EditWebsiteTableViewCell.swift */ = {isa = PBXFileReference; lastKnownFileType = sourcecode.swift; path = EditWebsiteTableViewCell.swift; sourceTree = "<group>"; };
		24EDD1772885C71100364660 /* EditWebsiteTableViewCell.xib */ = {isa = PBXFileReference; lastKnownFileType = file.xib; path = EditWebsiteTableViewCell.xib; sourceTree = "<group>"; };
		24EDD17A2885DACB00364660 /* EditProfileOtherTableViewCell.swift */ = {isa = PBXFileReference; lastKnownFileType = sourcecode.swift; path = EditProfileOtherTableViewCell.swift; sourceTree = "<group>"; };
		24EDD17B2885DACB00364660 /* EditProfileOtherTableViewCell.xib */ = {isa = PBXFileReference; lastKnownFileType = file.xib; path = EditProfileOtherTableViewCell.xib; sourceTree = "<group>"; };
		24EDD17F2885E1E500364660 /* EditProfileNameViewController.swift */ = {isa = PBXFileReference; lastKnownFileType = sourcecode.swift; path = EditProfileNameViewController.swift; sourceTree = "<group>"; };
		24EDD1802885E1E500364660 /* EditProfileNameViewController.xib */ = {isa = PBXFileReference; lastKnownFileType = file.xib; path = EditProfileNameViewController.xib; sourceTree = "<group>"; };
		24EDD1832885E1FD00364660 /* EditProfileUsernameViewController.swift */ = {isa = PBXFileReference; lastKnownFileType = sourcecode.swift; path = EditProfileUsernameViewController.swift; sourceTree = "<group>"; };
		24EDD1842885E1FD00364660 /* EditProfileUsernameViewController.xib */ = {isa = PBXFileReference; lastKnownFileType = file.xib; path = EditProfileUsernameViewController.xib; sourceTree = "<group>"; };
		24EDD1872885E22400364660 /* EditProfileBioViewController.swift */ = {isa = PBXFileReference; lastKnownFileType = sourcecode.swift; path = EditProfileBioViewController.swift; sourceTree = "<group>"; };
		24EDD1882885E22400364660 /* EditProfileBioViewController.xib */ = {isa = PBXFileReference; lastKnownFileType = file.xib; path = EditProfileBioViewController.xib; sourceTree = "<group>"; };
		24EDD18B2885E25F00364660 /* EditProfilePronounsViewController.swift */ = {isa = PBXFileReference; lastKnownFileType = sourcecode.swift; path = EditProfilePronounsViewController.swift; sourceTree = "<group>"; };
		24EDD18C2885E25F00364660 /* EditProfilePronounsViewController.xib */ = {isa = PBXFileReference; lastKnownFileType = file.xib; path = EditProfilePronounsViewController.xib; sourceTree = "<group>"; };
		24EDD18F2885E29000364660 /* AvatarViewController.swift */ = {isa = PBXFileReference; lastKnownFileType = sourcecode.swift; path = AvatarViewController.swift; sourceTree = "<group>"; };
		24EDD1902885E29000364660 /* AvatarViewController.xib */ = {isa = PBXFileReference; lastKnownFileType = file.xib; path = AvatarViewController.xib; sourceTree = "<group>"; };
		24EDD1932885E3FB00364660 /* ProfessionalAccountViewController.swift */ = {isa = PBXFileReference; lastKnownFileType = sourcecode.swift; path = ProfessionalAccountViewController.swift; sourceTree = "<group>"; };
		24EDD1942885E3FB00364660 /* ProfessionalAccountViewController.xib */ = {isa = PBXFileReference; lastKnownFileType = file.xib; path = ProfessionalAccountViewController.xib; sourceTree = "<group>"; };
		24EDD1972885E41700364660 /* personalInformationViewController.swift */ = {isa = PBXFileReference; lastKnownFileType = sourcecode.swift; path = personalInformationViewController.swift; sourceTree = "<group>"; };
		24EDD1982885E41700364660 /* personalInformationViewController.xib */ = {isa = PBXFileReference; lastKnownFileType = file.xib; path = personalInformationViewController.xib; sourceTree = "<group>"; };
		24EDD19C2886355D00364660 /* PersonalInformation.swift */ = {isa = PBXFileReference; lastKnownFileType = sourcecode.swift; path = PersonalInformation.swift; sourceTree = "<group>"; };
		24EDD1A52886E8F900364660 /* PersonalInformationTableViewCell.swift */ = {isa = PBXFileReference; lastKnownFileType = sourcecode.swift; path = PersonalInformationTableViewCell.swift; sourceTree = "<group>"; };
		24EDD1A62886E8F900364660 /* PersonalInformationTableViewCell.xib */ = {isa = PBXFileReference; lastKnownFileType = file.xib; path = PersonalInformationTableViewCell.xib; sourceTree = "<group>"; };
		24EDD1AC28872B9700364660 /* FollowersTableViewCell.swift */ = {isa = PBXFileReference; lastKnownFileType = sourcecode.swift; path = FollowersTableViewCell.swift; sourceTree = "<group>"; };
		24EDD1AD28872B9700364660 /* FollowersTableViewCell.xib */ = {isa = PBXFileReference; lastKnownFileType = file.xib; path = FollowersTableViewCell.xib; sourceTree = "<group>"; };
		24EDD1B12887467D00364660 /* FollowingTableViewCell.swift */ = {isa = PBXFileReference; lastKnownFileType = sourcecode.swift; path = FollowingTableViewCell.swift; sourceTree = "<group>"; };
		24EDD1B22887467D00364660 /* FollowingTableViewCell.xib */ = {isa = PBXFileReference; lastKnownFileType = file.xib; path = FollowingTableViewCell.xib; sourceTree = "<group>"; };
		24EDD1B82887895D00364660 /* HeaderTableViewCell.swift */ = {isa = PBXFileReference; lastKnownFileType = sourcecode.swift; path = HeaderTableViewCell.swift; sourceTree = "<group>"; };
		24EDD1B92887895D00364660 /* HeaderTableViewCell.xib */ = {isa = PBXFileReference; lastKnownFileType = file.xib; path = HeaderTableViewCell.xib; sourceTree = "<group>"; };
		24EDD1BC28878FF800364660 /* CategoryTableViewCell.swift */ = {isa = PBXFileReference; lastKnownFileType = sourcecode.swift; path = CategoryTableViewCell.swift; sourceTree = "<group>"; };
		24EDD1BD28878FF800364660 /* CategoryTableViewCell.xib */ = {isa = PBXFileReference; lastKnownFileType = file.xib; path = CategoryTableViewCell.xib; sourceTree = "<group>"; };
		24F348C62878D4D70017C7AA /* ProfileCollectionViewCell.swift */ = {isa = PBXFileReference; lastKnownFileType = sourcecode.swift; path = ProfileCollectionViewCell.swift; sourceTree = "<group>"; };
		24F348D5287DF7C20017C7AA /* ProfileInfoHeaderCollectionReusableView.swift */ = {isa = PBXFileReference; lastKnownFileType = sourcecode.swift; path = ProfileInfoHeaderCollectionReusableView.swift; sourceTree = "<group>"; };
		24F348D6287DF7C20017C7AA /* ProfileInfoHeaderCollectionReusableView.xib */ = {isa = PBXFileReference; lastKnownFileType = file.xib; path = ProfileInfoHeaderCollectionReusableView.xib; sourceTree = "<group>"; };
		24F348D9287DF8C80017C7AA /* ProfileTabsCollectionReusableView.swift */ = {isa = PBXFileReference; lastKnownFileType = sourcecode.swift; path = ProfileTabsCollectionReusableView.swift; sourceTree = "<group>"; };
		24F348DA287DF8C80017C7AA /* ProfileTabsCollectionReusableView.xib */ = {isa = PBXFileReference; lastKnownFileType = file.xib; path = ProfileTabsCollectionReusableView.xib; sourceTree = "<group>"; };
		24F348DD287E17810017C7AA /* ProfileData.swift */ = {isa = PBXFileReference; fileEncoding = 4; lastKnownFileType = sourcecode.swift; path = ProfileData.swift; sourceTree = "<group>"; };
		24F348E4287E58270017C7AA /* EditProfileViewController.swift */ = {isa = PBXFileReference; lastKnownFileType = sourcecode.swift; path = EditProfileViewController.swift; sourceTree = "<group>"; };
		24F348E5287E58270017C7AA /* EditProfileViewController.xib */ = {isa = PBXFileReference; lastKnownFileType = file.xib; path = EditProfileViewController.xib; sourceTree = "<group>"; };
		24F348ED287F007D0017C7AA /* ListOfFollowersViewController.swift */ = {isa = PBXFileReference; lastKnownFileType = sourcecode.swift; path = ListOfFollowersViewController.swift; sourceTree = "<group>"; };
		24F348EE287F007D0017C7AA /* ListOfFollowersViewController.xib */ = {isa = PBXFileReference; lastKnownFileType = file.xib; path = ListOfFollowersViewController.xib; sourceTree = "<group>"; };
		24F3491B287F4ABF0017C7AA /* ChatViewController.swift */ = {isa = PBXFileReference; lastKnownFileType = sourcecode.swift; path = ChatViewController.swift; sourceTree = "<group>"; };
		24F3491C287F4ABF0017C7AA /* ChatViewController.xib */ = {isa = PBXFileReference; lastKnownFileType = file.xib; path = ChatViewController.xib; sourceTree = "<group>"; };
/* End PBXFileReference section */

/* Begin PBXFrameworksBuildPhase section */
		24B9B514286343E8000DA190 /* Frameworks */ = {
			isa = PBXFrameworksBuildPhase;
			buildActionMask = 2147483647;
			files = (
			);
			runOnlyForDeploymentPostprocessing = 0;
		};
/* End PBXFrameworksBuildPhase section */

/* Begin PBXGroup section */
		24B9B50E286343E8000DA190 = {
			isa = PBXGroup;
			children = (
				24B9B519286343E8000DA190 /* Instagram */,
				24B9B518286343E8000DA190 /* Products */,
			);
			sourceTree = "<group>";
		};
		24B9B518286343E8000DA190 /* Products */ = {
			isa = PBXGroup;
			children = (
				24B9B517286343E8000DA190 /* Instagram.app */,
			);
			name = Products;
			sourceTree = "<group>";
		};
		24B9B519286343E8000DA190 /* Instagram */ = {
			isa = PBXGroup;
			children = (
				24B9B51A286343E8000DA190 /* AppDelegate.swift */,
				24B9B51C286343E8000DA190 /* SceneDelegate.swift */,
				24B9B51E286343E8000DA190 /* ViewController.swift */,
				24B9B53C28653B5B000DA190 /* Home */,
				24E2AC82286B380A000834FD /* gallery */,
				24E2ACA4286CE917000834FD /* Camera */,
				24E2AC9D286CC66C000834FD /* Message */,
				24E2ACAF286E18FF000834FD /* Search */,
				24E2ACB1286E193A000834FD /* Reel */,
				24E2ACB0286E191F000834FD /* Shop */,
				24E2ACB2286E1962000834FD /* UserProfile */,
				24C932AA28806973002A45EF /* OthersProfileView */,
				24EDD19B2886352C00364660 /* Model */,
				24C45C972893448600E77DE3 /* JsonData */,
				24B9B520286343E8000DA190 /* Main.storyboard */,
				24B9B523286343E9000DA190 /* Assets.xcassets */,
				24B9B525286343E9000DA190 /* LaunchScreen.storyboard */,
				24B9B528286343E9000DA190 /* Info.plist */,
			);
			path = Instagram;
			sourceTree = "<group>";
		};
		24B9B53328653938000DA190 /* HomePageTableViewCells */ = {
			isa = PBXGroup;
			children = (
				24B9B57E286A3EE3000DA190 /* HomePagePost */,
				24B9B551286655A1000DA190 /* HomePageStory */,
			);
			path = HomePageTableViewCells;
			sourceTree = "<group>";
		};
		24B9B53C28653B5B000DA190 /* Home */ = {
			isa = PBXGroup;
			children = (
				24B9B53328653938000DA190 /* HomePageTableViewCells */,
			);
			path = Home;
			sourceTree = "<group>";
		};
		24B9B551286655A1000DA190 /* HomePageStory */ = {
			isa = PBXGroup;
			children = (
				24B9B57C286A3C98000DA190 /* TableCell */,
				24B9B57D286A3CB0000DA190 /* CollectionCell */,
				24E2AC89286B5817000834FD /* StoryDetailView */,
			);
			path = HomePageStory;
			sourceTree = "<group>";
		};
		24B9B57C286A3C98000DA190 /* TableCell */ = {
			isa = PBXGroup;
			children = (
				24B9B587286A5C2A000DA190 /* StoryTableViewCell.swift */,
				24B9B588286A5C2A000DA190 /* StoryTableViewCell.xib */,
			);
			path = TableCell;
			sourceTree = "<group>";
		};
		24B9B57D286A3CB0000DA190 /* CollectionCell */ = {
			isa = PBXGroup;
			children = (
				24B9B58B286A5C40000DA190 /* StoryCollectionViewCell.swift */,
				24B9B58C286A5C40000DA190 /* StoryCollectionViewCell.xib */,
			);
			path = CollectionCell;
			sourceTree = "<group>";
		};
		24B9B57E286A3EE3000DA190 /* HomePagePost */ = {
			isa = PBXGroup;
			children = (
				24B9B57F286A4C04000DA190 /* HomePagePostTableViewCell.swift */,
				24B9B581286A4C12000DA190 /* HomePagePostTableViewCell.xib */,
			);
			path = HomePagePost;
			sourceTree = "<group>";
		};
		24C45C47288B207000E77DE3 /* HeaderButtonCell */ = {
			isa = PBXGroup;
			children = (
				24C45C43288AE46200E77DE3 /* FollowingButtonCollectionViewCell.swift */,
				24C45C44288AE46200E77DE3 /* FollowingButtonCollectionViewCell.xib */,
			);
			path = HeaderButtonCell;
			sourceTree = "<group>";
		};
		24C45C4A288B20BB00E77DE3 /* MutualTableViewCells */ = {
			isa = PBXGroup;
			children = (
				24C45C4C288B276700E77DE3 /* MutualTableViewCell.swift */,
				24C45C4D288B276700E77DE3 /* MutualTableViewCell.xib */,
			);
			path = MutualTableViewCells;
			sourceTree = "<group>";
		};
		24C45C4B288B20D200E77DE3 /* SuggestedTableViewCells */ = {
			isa = PBXGroup;
			children = (
				24C45C58288B4FC800E77DE3 /* OthersSuggestedTableViewCell.swift */,
				24C45C59288B4FC800E77DE3 /* OthersSuggestedTableViewCell.xib */,
			);
			path = SuggestedTableViewCells;
			sourceTree = "<group>";
		};
		24C45C972893448600E77DE3 /* JsonData */ = {
			isa = PBXGroup;
			children = (
				24DFA5BB2899DE3000EB1587 /* Reels.json */,
				24C45C9A289344E500E77DE3 /* FollowersList.json */,
				24C45C99289344E400E77DE3 /* UserFollowingPosts.json */,
				24C45C98289344E400E77DE3 /* FollowingList.json */,
				24C45C9B289344E500E77DE3 /* UserInformation.json */,
				24DFA5A028982F0800EB1587 /* UserSearch.json */,
				24C45C9C289344E500E77DE3 /* UserPosts.json */,
				24C45CA328949C7400E77DE3 /* UserFollowingStories.json */,
			);
			path = JsonData;
			sourceTree = "<group>";
		};
		24C932AA28806973002A45EF /* OthersProfileView */ = {
			isa = PBXGroup;
			children = (
				24C932CB2881925E002A45EF /* OthersProfileViewController.swift */,
				24C932CA2881925E002A45EF /* OthersProfileViewController.xib */,
				24C932AF2880A1A7002A45EF /* Header */,
				24C932BF2880A355002A45EF /* OtherProfileViewCells */,
			);
			path = OthersProfileView;
			sourceTree = "<group>";
		};
		24C932AF2880A1A7002A45EF /* Header */ = {
			isa = PBXGroup;
			children = (
				24C932BC2880A223002A45EF /* ProfileHeader */,
				24C932BE2880A23C002A45EF /* AllStory */,
				24C932BD2880A231002A45EF /* TabHeader */,
			);
			path = Header;
			sourceTree = "<group>";
		};
		24C932BC2880A223002A45EF /* ProfileHeader */ = {
			isa = PBXGroup;
			children = (
				24C932B02880A1D6002A45EF /* OtherProfileHeaderCollectionReusableView.swift */,
				24C932B12880A1D6002A45EF /* OtherProfileHeaderCollectionReusableView.xib */,
			);
			path = ProfileHeader;
			sourceTree = "<group>";
		};
		24C932BD2880A231002A45EF /* TabHeader */ = {
			isa = PBXGroup;
			children = (
				24C932B42880A1F6002A45EF /* OtherProfileTabCollectionReusableView.swift */,
				24C932B52880A1F6002A45EF /* OtherProfileTabCollectionReusableView.xib */,
			);
			path = TabHeader;
			sourceTree = "<group>";
		};
		24C932BE2880A23C002A45EF /* AllStory */ = {
			isa = PBXGroup;
			children = (
				24C932B82880A209002A45EF /* OtherProfileStoryCollectionReusableView.swift */,
				24C932B92880A209002A45EF /* OtherProfileStoryCollectionReusableView.xib */,
			);
			path = AllStory;
			sourceTree = "<group>";
		};
		24C932BF2880A355002A45EF /* OtherProfileViewCells */ = {
			isa = PBXGroup;
			children = (
				24C932C02880A39A002A45EF /* OtherProfileCollectionViewCell.swift */,
				24C932CF2881C3D2002A45EF /* Following */,
				24C932D02881CECF002A45EF /* Suggestion */,
				24C932CE2881C3C9002A45EF /* Followers */,
			);
			path = OtherProfileViewCells;
			sourceTree = "<group>";
		};
		24C932CE2881C3C9002A45EF /* Followers */ = {
			isa = PBXGroup;
			children = (
				24C932D12881CEFE002A45EF /* FollowersViewController.swift */,
				24C932D22881CEFE002A45EF /* FollowersViewController.xib */,
			);
			path = Followers;
			sourceTree = "<group>";
		};
		24C932CF2881C3D2002A45EF /* Following */ = {
			isa = PBXGroup;
			children = (
				24C932D52881CF11002A45EF /* FollowingViewController.swift */,
				24C932D62881CF11002A45EF /* FollowingViewController.xib */,
				24C45C47288B207000E77DE3 /* HeaderButtonCell */,
				24C45C4B288B20D200E77DE3 /* SuggestedTableViewCells */,
				24C45C4A288B20BB00E77DE3 /* MutualTableViewCells */,
			);
			path = Following;
			sourceTree = "<group>";
		};
		24C932D02881CECF002A45EF /* Suggestion */ = {
			isa = PBXGroup;
			children = (
				24C932D92881CF27002A45EF /* SuggestionViewController.swift */,
				24C932DA2881CF27002A45EF /* SuggestionViewController.xib */,
			);
			path = Suggestion;
			sourceTree = "<group>";
		};
		24DFA5A22898423900EB1587 /* SearchingData */ = {
			isa = PBXGroup;
			children = (
				24DFA5B328985F9500EB1587 /* SearchSelectionViewController.swift */,
				24DFA5B72898728100EB1587 /* SearchSelectionTableViewCell.swift */,
				24DFA5B82898728100EB1587 /* SearchSelectionTableViewCell.xib */,
			);
			path = SearchingData;
			sourceTree = "<group>";
		};
		24E2AC82286B380A000834FD /* gallery */ = {
			isa = PBXGroup;
			children = (
				24E2AC9B286CB417000834FD /* GalleryViewController.swift */,
			);
			path = gallery;
			sourceTree = "<group>";
		};
		24E2AC89286B5817000834FD /* StoryDetailView */ = {
			isa = PBXGroup;
			children = (
				24E2AC90286B61C9000834FD /* StoryDetailViewController.swift */,
				24E2AC91286B61C9000834FD /* StoryDetailViewController.xib */,
			);
			path = StoryDetailView;
			sourceTree = "<group>";
		};
		24E2AC9D286CC66C000834FD /* Message */ = {
			isa = PBXGroup;
			children = (
				24B9B5452865F5F9000DA190 /* MessageTableViewController.swift */,
				24F34919287F4A5D0017C7AA /* MessageTableCell */,
				24F3491A287F4A810017C7AA /* ChatView */,
			);
			path = Message;
			sourceTree = "<group>";
		};
		24E2ACA4286CE917000834FD /* Camera */ = {
			isa = PBXGroup;
			children = (
				24E2ACA7286CEE13000834FD /* CameraViewController.swift */,
				24E2ACAB286CF6DE000834FD /* PhotoViewController.swift */,
				24E2ACAC286CF6DE000834FD /* PhotoViewController.xib */,
			);
			path = Camera;
			sourceTree = "<group>";
		};
		24E2ACAF286E18FF000834FD /* Search */ = {
			isa = PBXGroup;
			children = (
				24E2ACB3286E2AF9000834FD /* SearchViewController.swift */,
				24DFA5A22898423900EB1587 /* SearchingData */,
				24E2ACC8286F7A4A000834FD /* SearchCollectionCell */,
			);
			path = Search;
			sourceTree = "<group>";
		};
		24E2ACB0286E191F000834FD /* Shop */ = {
			isa = PBXGroup;
			children = (
				24E2ACB7286E2B0E000834FD /* ShopViewController.swift */,
				24E2ACEF2875102C000834FD /* ShoppingActivityViewController */,
				24E2ACE2287508CE000834FD /* ShopCartViewController */,
				24E2ACE1287508AA000834FD /* ShopHomeViewController */,
			);
			path = Shop;
			sourceTree = "<group>";
		};
		24E2ACB1286E193A000834FD /* Reel */ = {
			isa = PBXGroup;
			children = (
				24E2ACBB286E2B25000834FD /* ReelsViewController.swift */,
				24E2ACCF286F835B000834FD /* ReelsCollectionViewCell.swift */,
				24E2ACD0286F835B000834FD /* ReelsCollectionViewCell.xib */,
			);
			path = Reel;
			sourceTree = "<group>";
		};
		24E2ACB2286E1962000834FD /* UserProfile */ = {
			isa = PBXGroup;
			children = (
				24E2ACBF286E2B37000834FD /* ProfileViewController.swift */,
				24F348C52878D4A30017C7AA /* Cells */,
				24F348C42878D35F0017C7AA /* CollectionView Headers */,
				24F348DF287E578F0017C7AA /* Controllers */,
			);
			path = UserProfile;
			sourceTree = "<group>";
		};
		24E2ACC8286F7A4A000834FD /* SearchCollectionCell */ = {
			isa = PBXGroup;
			children = (
				24E2ACC3286E4355000834FD /* SearchCollectionViewCell.swift */,
				24E2ACC4286E4355000834FD /* SearchCollectionViewCell.xib */,
			);
			path = SearchCollectionCell;
			sourceTree = "<group>";
		};
		24E2ACE1287508AA000834FD /* ShopHomeViewController */ = {
			isa = PBXGroup;
			children = (
				24E2ACD428747FCB000834FD /* ShoppingCollectionViewCell.xib */,
				24E2ACD328747FCB000834FD /* ShoppingCollectionViewCell.swift */,
			);
			path = ShopHomeViewController;
			sourceTree = "<group>";
		};
		24E2ACE2287508CE000834FD /* ShopCartViewController */ = {
			isa = PBXGroup;
			children = (
				24E2ACE728750A49000834FD /* ShopCartViewController.swift */,
				24E2ACE828750A49000834FD /* ShopCartViewController.xib */,
				24E2ACEB28750ADE000834FD /* CartTableViewCell.swift */,
				24E2ACEC28750ADE000834FD /* CartTableViewCell.xib */,
			);
			path = ShopCartViewController;
			sourceTree = "<group>";
		};
		24E2ACEF2875102C000834FD /* ShoppingActivityViewController */ = {
			isa = PBXGroup;
			children = (
				24E2ACFF28762413000834FD /* ShoppongActivityViewController.swift */,
				24E2ACFD28762409000834FD /* ShoppongActivityViewController.xib */,
			);
			path = ShoppingActivityViewController;
			sourceTree = "<group>";
		};
		24EDD1752885C6B300364660 /* EditProfilecells */ = {
			isa = PBXGroup;
			children = (
				24EDD1712885C06400364660 /* EditProfileTableViewCell.swift */,
				24EDD1722885C06400364660 /* EditProfileTableViewCell.xib */,
				24EDD1762885C71100364660 /* EditWebsiteTableViewCell.swift */,
				24EDD1772885C71100364660 /* EditWebsiteTableViewCell.xib */,
				24EDD17A2885DACB00364660 /* EditProfileOtherTableViewCell.swift */,
				24EDD17B2885DACB00364660 /* EditProfileOtherTableViewCell.xib */,
			);
			path = EditProfilecells;
			sourceTree = "<group>";
		};
		24EDD17E2885DE4C00364660 /* EditProfileControllers */ = {
			isa = PBXGroup;
			children = (
				24EDD19E2886E7CE00364660 /* EditName */,
				24EDD19F2886E7E600364660 /* EditUsername */,
				24EDD1A02886E7F000364660 /* EditPronoun */,
				24EDD1A12886E7F900364660 /* EditBio */,
				24EDD1A22886E85700364660 /* Avatar */,
				24EDD1A32886E86400364660 /* ProfessionalAccount */,
				24EDD1A42886E87400364660 /* PersonalInformation */,
			);
			path = EditProfileControllers;
			sourceTree = "<group>";
		};
		24EDD19B2886352C00364660 /* Model */ = {
			isa = PBXGroup;
			children = (
				24F348DD287E17810017C7AA /* ProfileData.swift */,
				24EDD19C2886355D00364660 /* PersonalInformation.swift */,
				24C45C5C288EFF7B00E77DE3 /* UserInformation.swift */,
				24C45C84289326F500E77DE3 /* UserFollowingInformation.swift */,
				24C45C862893284900E77DE3 /* UserFollowersInformation.swift */,
				24C45C8828932E9300E77DE3 /* UserFollowingPosts.swift */,
				24C45C8A289330E100E77DE3 /* UserPosts.swift */,
				24C45CA528949C9F00E77DE3 /* UserFollowingStories.swift */,
				24DFA5B52898620700EB1587 /* UserSearch.swift */,
				24DFA5BD2899E63700EB1587 /* Reels.swift */,
			);
			path = Model;
			sourceTree = "<group>";
		};
		24EDD19E2886E7CE00364660 /* EditName */ = {
			isa = PBXGroup;
			children = (
				24EDD17F2885E1E500364660 /* EditProfileNameViewController.swift */,
				24EDD1802885E1E500364660 /* EditProfileNameViewController.xib */,
			);
			path = EditName;
			sourceTree = "<group>";
		};
		24EDD19F2886E7E600364660 /* EditUsername */ = {
			isa = PBXGroup;
			children = (
				24EDD1832885E1FD00364660 /* EditProfileUsernameViewController.swift */,
				24EDD1842885E1FD00364660 /* EditProfileUsernameViewController.xib */,
			);
			path = EditUsername;
			sourceTree = "<group>";
		};
		24EDD1A02886E7F000364660 /* EditPronoun */ = {
			isa = PBXGroup;
			children = (
				24EDD18B2885E25F00364660 /* EditProfilePronounsViewController.swift */,
				24EDD18C2885E25F00364660 /* EditProfilePronounsViewController.xib */,
			);
			path = EditPronoun;
			sourceTree = "<group>";
		};
		24EDD1A12886E7F900364660 /* EditBio */ = {
			isa = PBXGroup;
			children = (
				24EDD1872885E22400364660 /* EditProfileBioViewController.swift */,
				24EDD1882885E22400364660 /* EditProfileBioViewController.xib */,
			);
			path = EditBio;
			sourceTree = "<group>";
		};
		24EDD1A22886E85700364660 /* Avatar */ = {
			isa = PBXGroup;
			children = (
				24EDD18F2885E29000364660 /* AvatarViewController.swift */,
				24EDD1902885E29000364660 /* AvatarViewController.xib */,
			);
			path = Avatar;
			sourceTree = "<group>";
		};
		24EDD1A32886E86400364660 /* ProfessionalAccount */ = {
			isa = PBXGroup;
			children = (
				24EDD1932885E3FB00364660 /* ProfessionalAccountViewController.swift */,
				24EDD1942885E3FB00364660 /* ProfessionalAccountViewController.xib */,
			);
			path = ProfessionalAccount;
			sourceTree = "<group>";
		};
		24EDD1A42886E87400364660 /* PersonalInformation */ = {
			isa = PBXGroup;
			children = (
				24EDD1972885E41700364660 /* personalInformationViewController.swift */,
				24EDD1982885E41700364660 /* personalInformationViewController.xib */,
				24EDD1A52886E8F900364660 /* PersonalInformationTableViewCell.swift */,
				24EDD1A62886E8F900364660 /* PersonalInformationTableViewCell.xib */,
			);
			path = PersonalInformation;
			sourceTree = "<group>";
		};
		24EDD1A928872B4F00364660 /* TableViewCell */ = {
			isa = PBXGroup;
			children = (
				24EDD1B6288788F900364660 /* FollowersTableCell */,
				24EDD1B72887892800364660 /* FollowingTableCell */,
			);
			path = TableViewCell;
			sourceTree = "<group>";
		};
		24EDD1B6288788F900364660 /* FollowersTableCell */ = {
			isa = PBXGroup;
			children = (
				24EDD1AC28872B9700364660 /* FollowersTableViewCell.swift */,
				24EDD1AD28872B9700364660 /* FollowersTableViewCell.xib */,
				24EDD1B82887895D00364660 /* HeaderTableViewCell.swift */,
				24EDD1B92887895D00364660 /* HeaderTableViewCell.xib */,
				24EDD1BC28878FF800364660 /* CategoryTableViewCell.swift */,
				24EDD1BD28878FF800364660 /* CategoryTableViewCell.xib */,
			);
			path = FollowersTableCell;
			sourceTree = "<group>";
		};
		24EDD1B72887892800364660 /* FollowingTableCell */ = {
			isa = PBXGroup;
			children = (
				24EDD1B12887467D00364660 /* FollowingTableViewCell.swift */,
				24EDD1B22887467D00364660 /* FollowingTableViewCell.xib */,
				24C45C052887C22D00E77DE3 /* CategoriesFollowingTableViewCell.swift */,
				24C45C062887C22D00E77DE3 /* CategoriesFollowingTableViewCell.xib */,
			);
			path = FollowingTableCell;
			sourceTree = "<group>";
		};
		24F348C42878D35F0017C7AA /* CollectionView Headers */ = {
			isa = PBXGroup;
			children = (
				24F348D5287DF7C20017C7AA /* ProfileInfoHeaderCollectionReusableView.swift */,
				24F348D6287DF7C20017C7AA /* ProfileInfoHeaderCollectionReusableView.xib */,
				24F348D9287DF8C80017C7AA /* ProfileTabsCollectionReusableView.swift */,
				24F348DA287DF8C80017C7AA /* ProfileTabsCollectionReusableView.xib */,
			);
			path = "CollectionView Headers";
			sourceTree = "<group>";
		};
		24F348C52878D4A30017C7AA /* Cells */ = {
			isa = PBXGroup;
			children = (
				24F348C62878D4D70017C7AA /* ProfileCollectionViewCell.swift */,
			);
			path = Cells;
			sourceTree = "<group>";
		};
		24F348DF287E578F0017C7AA /* Controllers */ = {
			isa = PBXGroup;
			children = (
				24F348E8287EFFE10017C7AA /* EditProfile */,
				24F348E9287EFFF10017C7AA /* Followers */,
				24F348EB287F00030017C7AA /* DiscoverPeople */,
			);
			path = Controllers;
			sourceTree = "<group>";
		};
		24F348E8287EFFE10017C7AA /* EditProfile */ = {
			isa = PBXGroup;
			children = (
				24F348E4287E58270017C7AA /* EditProfileViewController.swift */,
				24F348E5287E58270017C7AA /* EditProfileViewController.xib */,
				24EDD1752885C6B300364660 /* EditProfilecells */,
				24EDD17E2885DE4C00364660 /* EditProfileControllers */,
			);
			path = EditProfile;
			sourceTree = "<group>";
		};
		24F348E9287EFFF10017C7AA /* Followers */ = {
			isa = PBXGroup;
			children = (
				24F348ED287F007D0017C7AA /* ListOfFollowersViewController.swift */,
				24F348EE287F007D0017C7AA /* ListOfFollowersViewController.xib */,
				24EDD1A928872B4F00364660 /* TableViewCell */,
			);
			path = Followers;
			sourceTree = "<group>";
		};
		24F348EB287F00030017C7AA /* DiscoverPeople */ = {
			isa = PBXGroup;
			children = (
				24C45C13288850DA00E77DE3 /* DiscoverPeopleCollectionReusableView.swift */,
				24C45C14288850DA00E77DE3 /* DiscoverPeopleCollectionReusableView.xib */,
				24C45C1728885B0600E77DE3 /* DiscoverPeopleCollectionViewCell.swift */,
				24C45C1828885B0600E77DE3 /* DiscoverPeopleCollectionViewCell.xib */,
			);
			path = DiscoverPeople;
			sourceTree = "<group>";
		};
		24F34919287F4A5D0017C7AA /* MessageTableCell */ = {
			isa = PBXGroup;
			children = (
				24E2ACA0286CDB1A000834FD /* MessageTableViewCell.swift */,
				24E2ACA1286CDB1A000834FD /* MessageTableViewCell.xib */,
			);
			path = MessageTableCell;
			sourceTree = "<group>";
		};
		24F3491A287F4A810017C7AA /* ChatView */ = {
			isa = PBXGroup;
			children = (
				24F3491B287F4ABF0017C7AA /* ChatViewController.swift */,
				24F3491C287F4ABF0017C7AA /* ChatViewController.xib */,
			);
			path = ChatView;
			sourceTree = "<group>";
		};
/* End PBXGroup section */

/* Begin PBXNativeTarget section */
		24B9B516286343E8000DA190 /* Instagram */ = {
			isa = PBXNativeTarget;
			buildConfigurationList = 24B9B52B286343E9000DA190 /* Build configuration list for PBXNativeTarget "Instagram" */;
			buildPhases = (
				24B9B513286343E8000DA190 /* Sources */,
				24B9B514286343E8000DA190 /* Frameworks */,
				24B9B515286343E8000DA190 /* Resources */,
			);
			buildRules = (
			);
			dependencies = (
			);
			name = Instagram;
			productName = Instagram;
			productReference = 24B9B517286343E8000DA190 /* Instagram.app */;
			productType = "com.apple.product-type.application";
		};
/* End PBXNativeTarget section */

/* Begin PBXProject section */
		24B9B50F286343E8000DA190 /* Project object */ = {
			isa = PBXProject;
			attributes = {
				BuildIndependentTargetsInParallel = 1;
				LastSwiftUpdateCheck = 1320;
				LastUpgradeCheck = 1320;
				TargetAttributes = {
					24B9B516286343E8000DA190 = {
						CreatedOnToolsVersion = 13.2.1;
					};
				};
			};
			buildConfigurationList = 24B9B512286343E8000DA190 /* Build configuration list for PBXProject "Instagram" */;
			compatibilityVersion = "Xcode 13.0";
			developmentRegion = en;
			hasScannedForEncodings = 0;
			knownRegions = (
				en,
				Base,
			);
			mainGroup = 24B9B50E286343E8000DA190;
			productRefGroup = 24B9B518286343E8000DA190 /* Products */;
			projectDirPath = "";
			projectRoot = "";
			targets = (
				24B9B516286343E8000DA190 /* Instagram */,
			);
		};
/* End PBXProject section */

/* Begin PBXResourcesBuildPhase section */
		24B9B515286343E8000DA190 /* Resources */ = {
			isa = PBXResourcesBuildPhase;
			buildActionMask = 2147483647;
			files = (
				24E2ACAE286CF6DE000834FD /* PhotoViewController.xib in Resources */,
				24EDD17D2885DACB00364660 /* EditProfileOtherTableViewCell.xib in Resources */,
				24C932BB2880A209002A45EF /* OtherProfileStoryCollectionReusableView.xib in Resources */,
				24C932D82881CF11002A45EF /* FollowingViewController.xib in Resources */,
				24E2ACD2286F835B000834FD /* ReelsCollectionViewCell.xib in Resources */,
				24EDD1862885E1FD00364660 /* EditProfileUsernameViewController.xib in Resources */,
				24F3491E287F4ABF0017C7AA /* ChatViewController.xib in Resources */,
				24C45C16288850DA00E77DE3 /* DiscoverPeopleCollectionReusableView.xib in Resources */,
				24C932CC2881925E002A45EF /* OthersProfileViewController.xib in Resources */,
				24EDD1742885C06400364660 /* EditProfileTableViewCell.xib in Resources */,
				24C932B32880A1D6002A45EF /* OtherProfileHeaderCollectionReusableView.xib in Resources */,
				24E2ACD628747FCB000834FD /* ShoppingCollectionViewCell.xib in Resources */,
				24C45C9D289344E500E77DE3 /* FollowingList.json in Resources */,
				24EDD1792885C71100364660 /* EditWebsiteTableViewCell.xib in Resources */,
				24EDD1A82886E8FA00364660 /* PersonalInformationTableViewCell.xib in Resources */,
				24B9B527286343E9000DA190 /* LaunchScreen.storyboard in Resources */,
				24E2ACC6286E4355000834FD /* SearchCollectionViewCell.xib in Resources */,
				24DFA5BC2899DE3000EB1587 /* Reels.json in Resources */,
				24E2ACA3286CDB1A000834FD /* MessageTableViewCell.xib in Resources */,
				24EDD1BF28878FF800364660 /* CategoryTableViewCell.xib in Resources */,
				24F348E7287E58270017C7AA /* EditProfileViewController.xib in Resources */,
				24C45C4F288B276700E77DE3 /* MutualTableViewCell.xib in Resources */,
				24C45CA0289344E500E77DE3 /* UserInformation.json in Resources */,
				24E2AC93286B61C9000834FD /* StoryDetailViewController.xib in Resources */,
				24B9B524286343E9000DA190 /* Assets.xcassets in Resources */,
				24EDD1AF28872B9700364660 /* FollowersTableViewCell.xib in Resources */,
				24EDD18A2885E22400364660 /* EditProfileBioViewController.xib in Resources */,
				24C45C5B288B4FC800E77DE3 /* OthersSuggestedTableViewCell.xib in Resources */,
				24B9B522286343E8000DA190 /* Main.storyboard in Resources */,
				24EDD1BB2887895D00364660 /* HeaderTableViewCell.xib in Resources */,
				24C932D42881CEFE002A45EF /* FollowersViewController.xib in Resources */,
				24C932DC2881CF27002A45EF /* SuggestionViewController.xib in Resources */,
				24C45CA428949C7400E77DE3 /* UserFollowingStories.json in Resources */,
				24E2ACEE28750ADE000834FD /* CartTableViewCell.xib in Resources */,
				24C45C082887C22D00E77DE3 /* CategoriesFollowingTableViewCell.xib in Resources */,
				24DFA5A128982F0800EB1587 /* UserSearch.json in Resources */,
				24E2ACEA28750A49000834FD /* ShopCartViewController.xib in Resources */,
				24F348F0287F007D0017C7AA /* ListOfFollowersViewController.xib in Resources */,
				24B9B58A286A5C2A000DA190 /* StoryTableViewCell.xib in Resources */,
				24C45C9F289344E500E77DE3 /* FollowersList.json in Resources */,
				24F348D8287DF7C20017C7AA /* ProfileInfoHeaderCollectionReusableView.xib in Resources */,
				24DFA5BA2898728100EB1587 /* SearchSelectionTableViewCell.xib in Resources */,
				24EDD1922885E29000364660 /* AvatarViewController.xib in Resources */,
				24C45C9E289344E500E77DE3 /* UserFollowingPosts.json in Resources */,
				24F348DC287DF8C80017C7AA /* ProfileTabsCollectionReusableView.xib in Resources */,
				24C45C1A28885B0600E77DE3 /* DiscoverPeopleCollectionViewCell.xib in Resources */,
				24EDD1962885E3FB00364660 /* ProfessionalAccountViewController.xib in Resources */,
				24B9B58E286A5C40000DA190 /* StoryCollectionViewCell.xib in Resources */,
				24C45C46288AE46200E77DE3 /* FollowingButtonCollectionViewCell.xib in Resources */,
				24C45CA1289344E500E77DE3 /* UserPosts.json in Resources */,
				24EDD1822885E1E500364660 /* EditProfileNameViewController.xib in Resources */,
				24EDD19A2885E41700364660 /* personalInformationViewController.xib in Resources */,
				24B9B582286A4C12000DA190 /* HomePagePostTableViewCell.xib in Resources */,
				24C932B72880A1F6002A45EF /* OtherProfileTabCollectionReusableView.xib in Resources */,
				24EDD18E2885E25F00364660 /* EditProfilePronounsViewController.xib in Resources */,
				24EDD1B42887467D00364660 /* FollowingTableViewCell.xib in Resources */,
				24E2ACFE28762409000834FD /* ShoppongActivityViewController.xib in Resources */,
			);
			runOnlyForDeploymentPostprocessing = 0;
		};
/* End PBXResourcesBuildPhase section */

/* Begin PBXSourcesBuildPhase section */
		24B9B513286343E8000DA190 /* Sources */ = {
			isa = PBXSourcesBuildPhase;
			buildActionMask = 2147483647;
			files = (
				24C45C15288850DA00E77DE3 /* DiscoverPeopleCollectionReusableView.swift in Sources */,
				24EDD17C2885DACB00364660 /* EditProfileOtherTableViewCell.swift in Sources */,
				24C932D32881CEFE002A45EF /* FollowersViewController.swift in Sources */,
				24EDD1BA2887895D00364660 /* HeaderTableViewCell.swift in Sources */,
				24E2ACED28750ADE000834FD /* CartTableViewCell.swift in Sources */,
				24E2ACA9286CEE13000834FD /* CameraViewController.swift in Sources */,
				24C932D72881CF11002A45EF /* FollowingViewController.swift in Sources */,
				24F348D7287DF7C20017C7AA /* ProfileInfoHeaderCollectionReusableView.swift in Sources */,
				24E2ACBD286E2B25000834FD /* ReelsViewController.swift in Sources */,
				24E2ACE928750A49000834FD /* ShopCartViewController.swift in Sources */,
				24E2AC92286B61C9000834FD /* StoryDetailViewController.swift in Sources */,
				24F348C72878D4D70017C7AA /* ProfileCollectionViewCell.swift in Sources */,
				24C45C1928885B0600E77DE3 /* DiscoverPeopleCollectionViewCell.swift in Sources */,
				24E2AC9C286CB417000834FD /* GalleryViewController.swift in Sources */,
				24C932DB2881CF27002A45EF /* SuggestionViewController.swift in Sources */,
				24B9B58D286A5C40000DA190 /* StoryCollectionViewCell.swift in Sources */,
				24EDD19D2886355D00364660 /* PersonalInformation.swift in Sources */,
				24C932C22880A39A002A45EF /* OtherProfileCollectionViewCell.swift in Sources */,
				24E2ACA2286CDB1A000834FD /* MessageTableViewCell.swift in Sources */,
				24E2ACC1286E2B37000834FD /* ProfileViewController.swift in Sources */,
				24E2ACAD286CF6DE000834FD /* PhotoViewController.swift in Sources */,
				24EDD1912885E29000364660 /* AvatarViewController.swift in Sources */,
				24B9B51F286343E8000DA190 /* ViewController.swift in Sources */,
				24B9B580286A4C04000DA190 /* HomePagePostTableViewCell.swift in Sources */,
				24E2ACB5286E2AF9000834FD /* SearchViewController.swift in Sources */,
				24C45C5D288EFF7B00E77DE3 /* UserInformation.swift in Sources */,
				24C45C8928932E9300E77DE3 /* UserFollowingPosts.swift in Sources */,
				24E2ACC5286E4355000834FD /* SearchCollectionViewCell.swift in Sources */,
				24E2ACD1286F835B000834FD /* ReelsCollectionViewCell.swift in Sources */,
				24EDD1732885C06400364660 /* EditProfileTableViewCell.swift in Sources */,
				24EDD1A72886E8FA00364660 /* PersonalInformationTableViewCell.swift in Sources */,
				24E2AD0028762413000834FD /* ShoppongActivityViewController.swift in Sources */,
				24EDD1892885E22400364660 /* EditProfileBioViewController.swift in Sources */,
				24DFA5BE2899E63700EB1587 /* Reels.swift in Sources */,
				24EDD1992885E41700364660 /* personalInformationViewController.swift in Sources */,
				24C45C8B289330E100E77DE3 /* UserPosts.swift in Sources */,
				24DFA5B62898620700EB1587 /* UserSearch.swift in Sources */,
				24EDD1812885E1E500364660 /* EditProfileNameViewController.swift in Sources */,
				24B9B51B286343E8000DA190 /* AppDelegate.swift in Sources */,
				24E2ACD528747FCB000834FD /* ShoppingCollectionViewCell.swift in Sources */,
				24C45C45288AE46200E77DE3 /* FollowingButtonCollectionViewCell.swift in Sources */,
				24B9B5472865F5F9000DA190 /* MessageTableViewController.swift in Sources */,
				24C932B62880A1F6002A45EF /* OtherProfileTabCollectionReusableView.swift in Sources */,
				24F348DE287E17810017C7AA /* ProfileData.swift in Sources */,
				24B9B51D286343E8000DA190 /* SceneDelegate.swift in Sources */,
				24EDD1952885E3FB00364660 /* ProfessionalAccountViewController.swift in Sources */,
				24C45C5A288B4FC800E77DE3 /* OthersSuggestedTableViewCell.swift in Sources */,
				24EDD1AE28872B9700364660 /* FollowersTableViewCell.swift in Sources */,
				24C45C872893284900E77DE3 /* UserFollowersInformation.swift in Sources */,
				24DFA5B92898728100EB1587 /* SearchSelectionTableViewCell.swift in Sources */,
				24EDD18D2885E25F00364660 /* EditProfilePronounsViewController.swift in Sources */,
				24E2ACB9286E2B0E000834FD /* ShopViewController.swift in Sources */,
				24DFA5B428985F9500EB1587 /* SearchSelectionViewController.swift in Sources */,
				24C932BA2880A209002A45EF /* OtherProfileStoryCollectionReusableView.swift in Sources */,
				24C45C4E288B276700E77DE3 /* MutualTableViewCell.swift in Sources */,
				24C45CA628949C9F00E77DE3 /* UserFollowingStories.swift in Sources */,
				24F348DB287DF8C80017C7AA /* ProfileTabsCollectionReusableView.swift in Sources */,
				24EDD1B32887467D00364660 /* FollowingTableViewCell.swift in Sources */,
				24B9B589286A5C2A000DA190 /* StoryTableViewCell.swift in Sources */,
				24F348E6287E58270017C7AA /* EditProfileViewController.swift in Sources */,
				24F3491D287F4ABF0017C7AA /* ChatViewController.swift in Sources */,
				24C45C072887C22D00E77DE3 /* CategoriesFollowingTableViewCell.swift in Sources */,
				24F348EF287F007D0017C7AA /* ListOfFollowersViewController.swift in Sources */,
				24EDD1852885E1FD00364660 /* EditProfileUsernameViewController.swift in Sources */,
				24EDD1782885C71100364660 /* EditWebsiteTableViewCell.swift in Sources */,
				24C932B22880A1D6002A45EF /* OtherProfileHeaderCollectionReusableView.swift in Sources */,
				24C932CD2881925E002A45EF /* OthersProfileViewController.swift in Sources */,
				24EDD1BE28878FF800364660 /* CategoryTableViewCell.swift in Sources */,
				24C45C85289326F600E77DE3 /* UserFollowingInformation.swift in Sources */,
			);
			runOnlyForDeploymentPostprocessing = 0;
		};
/* End PBXSourcesBuildPhase section */

/* Begin PBXVariantGroup section */
		24B9B520286343E8000DA190 /* Main.storyboard */ = {
			isa = PBXVariantGroup;
			children = (
				24B9B521286343E8000DA190 /* Base */,
			);
			name = Main.storyboard;
			sourceTree = "<group>";
		};
		24B9B525286343E9000DA190 /* LaunchScreen.storyboard */ = {
			isa = PBXVariantGroup;
			children = (
				24B9B526286343E9000DA190 /* Base */,
			);
			name = LaunchScreen.storyboard;
			sourceTree = "<group>";
		};
/* End PBXVariantGroup section */

/* Begin XCBuildConfiguration section */
		24B9B529286343E9000DA190 /* Debug */ = {
			isa = XCBuildConfiguration;
			buildSettings = {
				ALWAYS_SEARCH_USER_PATHS = NO;
				CLANG_ANALYZER_NONNULL = YES;
				CLANG_ANALYZER_NUMBER_OBJECT_CONVERSION = YES_AGGRESSIVE;
				CLANG_CXX_LANGUAGE_STANDARD = "gnu++17";
				CLANG_CXX_LIBRARY = "libc++";
				CLANG_ENABLE_MODULES = YES;
				CLANG_ENABLE_OBJC_ARC = YES;
				CLANG_ENABLE_OBJC_WEAK = YES;
				CLANG_WARN_BLOCK_CAPTURE_AUTORELEASING = YES;
				CLANG_WARN_BOOL_CONVERSION = YES;
				CLANG_WARN_COMMA = YES;
				CLANG_WARN_CONSTANT_CONVERSION = YES;
				CLANG_WARN_DEPRECATED_OBJC_IMPLEMENTATIONS = YES;
				CLANG_WARN_DIRECT_OBJC_ISA_USAGE = YES_ERROR;
				CLANG_WARN_DOCUMENTATION_COMMENTS = YES;
				CLANG_WARN_EMPTY_BODY = YES;
				CLANG_WARN_ENUM_CONVERSION = YES;
				CLANG_WARN_INFINITE_RECURSION = YES;
				CLANG_WARN_INT_CONVERSION = YES;
				CLANG_WARN_NON_LITERAL_NULL_CONVERSION = YES;
				CLANG_WARN_OBJC_IMPLICIT_RETAIN_SELF = YES;
				CLANG_WARN_OBJC_LITERAL_CONVERSION = YES;
				CLANG_WARN_OBJC_ROOT_CLASS = YES_ERROR;
				CLANG_WARN_QUOTED_INCLUDE_IN_FRAMEWORK_HEADER = YES;
				CLANG_WARN_RANGE_LOOP_ANALYSIS = YES;
				CLANG_WARN_STRICT_PROTOTYPES = YES;
				CLANG_WARN_SUSPICIOUS_MOVE = YES;
				CLANG_WARN_UNGUARDED_AVAILABILITY = YES_AGGRESSIVE;
				CLANG_WARN_UNREACHABLE_CODE = YES;
				CLANG_WARN__DUPLICATE_METHOD_MATCH = YES;
				COPY_PHASE_STRIP = NO;
				DEBUG_INFORMATION_FORMAT = dwarf;
				ENABLE_STRICT_OBJC_MSGSEND = YES;
				ENABLE_TESTABILITY = YES;
				GCC_C_LANGUAGE_STANDARD = gnu11;
				GCC_DYNAMIC_NO_PIC = NO;
				GCC_NO_COMMON_BLOCKS = YES;
				GCC_OPTIMIZATION_LEVEL = 0;
				GCC_PREPROCESSOR_DEFINITIONS = (
					"DEBUG=1",
					"$(inherited)",
				);
				GCC_WARN_64_TO_32_BIT_CONVERSION = YES;
				GCC_WARN_ABOUT_RETURN_TYPE = YES_ERROR;
				GCC_WARN_UNDECLARED_SELECTOR = YES;
				GCC_WARN_UNINITIALIZED_AUTOS = YES_AGGRESSIVE;
				GCC_WARN_UNUSED_FUNCTION = YES;
				GCC_WARN_UNUSED_VARIABLE = YES;
				IPHONEOS_DEPLOYMENT_TARGET = 15.2;
				MTL_ENABLE_DEBUG_INFO = INCLUDE_SOURCE;
				MTL_FAST_MATH = YES;
				ONLY_ACTIVE_ARCH = YES;
				SDKROOT = iphoneos;
				SWIFT_ACTIVE_COMPILATION_CONDITIONS = DEBUG;
				SWIFT_OPTIMIZATION_LEVEL = "-Onone";
			};
			name = Debug;
		};
		24B9B52A286343E9000DA190 /* Release */ = {
			isa = XCBuildConfiguration;
			buildSettings = {
				ALWAYS_SEARCH_USER_PATHS = NO;
				CLANG_ANALYZER_NONNULL = YES;
				CLANG_ANALYZER_NUMBER_OBJECT_CONVERSION = YES_AGGRESSIVE;
				CLANG_CXX_LANGUAGE_STANDARD = "gnu++17";
				CLANG_CXX_LIBRARY = "libc++";
				CLANG_ENABLE_MODULES = YES;
				CLANG_ENABLE_OBJC_ARC = YES;
				CLANG_ENABLE_OBJC_WEAK = YES;
				CLANG_WARN_BLOCK_CAPTURE_AUTORELEASING = YES;
				CLANG_WARN_BOOL_CONVERSION = YES;
				CLANG_WARN_COMMA = YES;
				CLANG_WARN_CONSTANT_CONVERSION = YES;
				CLANG_WARN_DEPRECATED_OBJC_IMPLEMENTATIONS = YES;
				CLANG_WARN_DIRECT_OBJC_ISA_USAGE = YES_ERROR;
				CLANG_WARN_DOCUMENTATION_COMMENTS = YES;
				CLANG_WARN_EMPTY_BODY = YES;
				CLANG_WARN_ENUM_CONVERSION = YES;
				CLANG_WARN_INFINITE_RECURSION = YES;
				CLANG_WARN_INT_CONVERSION = YES;
				CLANG_WARN_NON_LITERAL_NULL_CONVERSION = YES;
				CLANG_WARN_OBJC_IMPLICIT_RETAIN_SELF = YES;
				CLANG_WARN_OBJC_LITERAL_CONVERSION = YES;
				CLANG_WARN_OBJC_ROOT_CLASS = YES_ERROR;
				CLANG_WARN_QUOTED_INCLUDE_IN_FRAMEWORK_HEADER = YES;
				CLANG_WARN_RANGE_LOOP_ANALYSIS = YES;
				CLANG_WARN_STRICT_PROTOTYPES = YES;
				CLANG_WARN_SUSPICIOUS_MOVE = YES;
				CLANG_WARN_UNGUARDED_AVAILABILITY = YES_AGGRESSIVE;
				CLANG_WARN_UNREACHABLE_CODE = YES;
				CLANG_WARN__DUPLICATE_METHOD_MATCH = YES;
				COPY_PHASE_STRIP = NO;
				DEBUG_INFORMATION_FORMAT = "dwarf-with-dsym";
				ENABLE_NS_ASSERTIONS = NO;
				ENABLE_STRICT_OBJC_MSGSEND = YES;
				GCC_C_LANGUAGE_STANDARD = gnu11;
				GCC_NO_COMMON_BLOCKS = YES;
				GCC_WARN_64_TO_32_BIT_CONVERSION = YES;
				GCC_WARN_ABOUT_RETURN_TYPE = YES_ERROR;
				GCC_WARN_UNDECLARED_SELECTOR = YES;
				GCC_WARN_UNINITIALIZED_AUTOS = YES_AGGRESSIVE;
				GCC_WARN_UNUSED_FUNCTION = YES;
				GCC_WARN_UNUSED_VARIABLE = YES;
				IPHONEOS_DEPLOYMENT_TARGET = 15.2;
				MTL_ENABLE_DEBUG_INFO = NO;
				MTL_FAST_MATH = YES;
				SDKROOT = iphoneos;
				SWIFT_COMPILATION_MODE = wholemodule;
				SWIFT_OPTIMIZATION_LEVEL = "-O";
				VALIDATE_PRODUCT = YES;
			};
			name = Release;
		};
		24B9B52C286343E9000DA190 /* Debug */ = {
			isa = XCBuildConfiguration;
			buildSettings = {
				ASSETCATALOG_COMPILER_APPICON_NAME = AppIcon;
				ASSETCATALOG_COMPILER_GLOBAL_ACCENT_COLOR_NAME = AccentColor;
				CODE_SIGN_STYLE = Automatic;
				CURRENT_PROJECT_VERSION = 1;
				DEVELOPMENT_TEAM = DJ4HTA4RKP;
				GENERATE_INFOPLIST_FILE = YES;
				INFOPLIST_FILE = Instagram/Info.plist;
				INFOPLIST_KEY_UIApplicationSupportsIndirectInputEvents = YES;
				INFOPLIST_KEY_UILaunchStoryboardName = LaunchScreen;
				INFOPLIST_KEY_UIMainStoryboardFile = Main;
				INFOPLIST_KEY_UISupportedInterfaceOrientations_iPad = "UIInterfaceOrientationPortrait UIInterfaceOrientationPortraitUpsideDown UIInterfaceOrientationLandscapeLeft UIInterfaceOrientationLandscapeRight";
				INFOPLIST_KEY_UISupportedInterfaceOrientations_iPhone = "UIInterfaceOrientationPortrait UIInterfaceOrientationLandscapeLeft UIInterfaceOrientationLandscapeRight";
				LD_RUNPATH_SEARCH_PATHS = (
					"$(inherited)",
					"@executable_path/Frameworks",
				);
				MARKETING_VERSION = 1.0;
				PRODUCT_BUNDLE_IDENTIFIER = com.project5.Instagram;
				PRODUCT_NAME = "$(TARGET_NAME)";
				SWIFT_EMIT_LOC_STRINGS = YES;
				SWIFT_VERSION = 5.0;
				TARGETED_DEVICE_FAMILY = "1,2";
			};
			name = Debug;
		};
		24B9B52D286343E9000DA190 /* Release */ = {
			isa = XCBuildConfiguration;
			buildSettings = {
				ASSETCATALOG_COMPILER_APPICON_NAME = AppIcon;
				ASSETCATALOG_COMPILER_GLOBAL_ACCENT_COLOR_NAME = AccentColor;
				CODE_SIGN_STYLE = Automatic;
				CURRENT_PROJECT_VERSION = 1;
				DEVELOPMENT_TEAM = DJ4HTA4RKP;
				GENERATE_INFOPLIST_FILE = YES;
				INFOPLIST_FILE = Instagram/Info.plist;
				INFOPLIST_KEY_UIApplicationSupportsIndirectInputEvents = YES;
				INFOPLIST_KEY_UILaunchStoryboardName = LaunchScreen;
				INFOPLIST_KEY_UIMainStoryboardFile = Main;
				INFOPLIST_KEY_UISupportedInterfaceOrientations_iPad = "UIInterfaceOrientationPortrait UIInterfaceOrientationPortraitUpsideDown UIInterfaceOrientationLandscapeLeft UIInterfaceOrientationLandscapeRight";
				INFOPLIST_KEY_UISupportedInterfaceOrientations_iPhone = "UIInterfaceOrientationPortrait UIInterfaceOrientationLandscapeLeft UIInterfaceOrientationLandscapeRight";
				LD_RUNPATH_SEARCH_PATHS = (
					"$(inherited)",
					"@executable_path/Frameworks",
				);
				MARKETING_VERSION = 1.0;
				PRODUCT_BUNDLE_IDENTIFIER = com.project5.Instagram;
				PRODUCT_NAME = "$(TARGET_NAME)";
				SWIFT_EMIT_LOC_STRINGS = YES;
				SWIFT_VERSION = 5.0;
				TARGETED_DEVICE_FAMILY = "1,2";
			};
			name = Release;
		};
/* End XCBuildConfiguration section */

/* Begin XCConfigurationList section */
		24B9B512286343E8000DA190 /* Build configuration list for PBXProject "Instagram" */ = {
			isa = XCConfigurationList;
			buildConfigurations = (
				24B9B529286343E9000DA190 /* Debug */,
				24B9B52A286343E9000DA190 /* Release */,
			);
			defaultConfigurationIsVisible = 0;
			defaultConfigurationName = Release;
		};
		24B9B52B286343E9000DA190 /* Build configuration list for PBXNativeTarget "Instagram" */ = {
			isa = XCConfigurationList;
			buildConfigurations = (
				24B9B52C286343E9000DA190 /* Debug */,
				24B9B52D286343E9000DA190 /* Release */,
			);
			defaultConfigurationIsVisible = 0;
			defaultConfigurationName = Release;
		};
/* End XCConfigurationList section */
	};
	rootObject = 24B9B50F286343E8000DA190 /* Project object */;
}
